// !$*UTF8*$!
{
	archiveVersion = 1;
	classes = {
	};
	objectVersion = 46;
	objects = {

/* Begin PBXBuildFile section */
		0A54557A16AA509B0023C944 /* WindowsAzureMobileServices.framework in Frameworks */ = {isa = PBXBuildFile; fileRef = 0A54557916AA509B0023C944 /* WindowsAzureMobileServices.framework */; };
		27492C9116AA3F430095A442 /* UIKit.framework in Frameworks */ = {isa = PBXBuildFile; fileRef = 27492C9016AA3F430095A442 /* UIKit.framework */; };
		27492C9316AA3F430095A442 /* Foundation.framework in Frameworks */ = {isa = PBXBuildFile; fileRef = 27492C9216AA3F430095A442 /* Foundation.framework */; };
		27492C9516AA3F430095A442 /* CoreGraphics.framework in Frameworks */ = {isa = PBXBuildFile; fileRef = 27492C9416AA3F430095A442 /* CoreGraphics.framework */; };
		27492C9B16AA3F430095A442 /* InfoPlist.strings in Resources */ = {isa = PBXBuildFile; fileRef = 27492C9916AA3F430095A442 /* InfoPlist.strings */; };
		27492C9D16AA3F430095A442 /* main.m in Sources */ = {isa = PBXBuildFile; fileRef = 27492C9C16AA3F430095A442 /* main.m */; };
		27492CA116AA3F430095A442 /* SpurAppDelegate.m in Sources */ = {isa = PBXBuildFile; fileRef = 27492CA016AA3F430095A442 /* SpurAppDelegate.m */; };
		27492CA316AA3F430095A442 /* Default.png in Resources */ = {isa = PBXBuildFile; fileRef = 27492CA216AA3F430095A442 /* Default.png */; };
		27492CA516AA3F430095A442 /* Default@2x.png in Resources */ = {isa = PBXBuildFile; fileRef = 27492CA416AA3F430095A442 /* Default@2x.png */; };
		27492CA716AA3F430095A442 /* Default-568h@2x.png in Resources */ = {isa = PBXBuildFile; fileRef = 27492CA616AA3F430095A442 /* Default-568h@2x.png */; };
		27492CAA16AA3F430095A442 /* MainStoryboard.storyboard in Resources */ = {isa = PBXBuildFile; fileRef = 27492CA816AA3F430095A442 /* MainStoryboard.storyboard */; };
		27492CB516AA41880095A442 /* SpurHomePageViewController.m in Sources */ = {isa = PBXBuildFile; fileRef = 27492CB416AA41880095A442 /* SpurHomePageViewController.m */; };
		27492CB816AA41E00095A442 /* SpurSignInViewController.m in Sources */ = {isa = PBXBuildFile; fileRef = 27492CB716AA41DF0095A442 /* SpurSignInViewController.m */; };
		27492CBB16AA42090095A442 /* SpurSignUpViewController.m in Sources */ = {isa = PBXBuildFile; fileRef = 27492CBA16AA42090095A442 /* SpurSignUpViewController.m */; };
		27492CC116AA42EB0095A442 /* SpurMakeRequestViewController.m in Sources */ = {isa = PBXBuildFile; fileRef = 27492CC016AA42EB0095A442 /* SpurMakeRequestViewController.m */; };
		27492CC716AA43070095A442 /* SpurSettingsViewController.m in Sources */ = {isa = PBXBuildFile; fileRef = 27492CC616AA43070095A442 /* SpurSettingsViewController.m */; };
		27492CCA16AA446C0095A442 /* SpurViewOffersTableViewController.m in Sources */ = {isa = PBXBuildFile; fileRef = 27492CC916AA446C0095A442 /* SpurViewOffersTableViewController.m */; };
		27492CCD16AA449B0095A442 /* SpurViewRequestsTableViewController.m in Sources */ = {isa = PBXBuildFile; fileRef = 27492CCC16AA449B0095A442 /* SpurViewRequestsTableViewController.m */; };
		27492CD016AA49140095A442 /* SpurExpandedRequestViewController.m in Sources */ = {isa = PBXBuildFile; fileRef = 27492CCF16AA49140095A442 /* SpurExpandedRequestViewController.m */; };
		27492CD316AA49BB0095A442 /* SpurMakeOfferViewController.m in Sources */ = {isa = PBXBuildFile; fileRef = 27492CD216AA49BB0095A442 /* SpurMakeOfferViewController.m */; };
		27492CD616AA4ABA0095A442 /* SpurPictureCaptureViewController.m in Sources */ = {isa = PBXBuildFile; fileRef = 27492CD516AA4ABA0095A442 /* SpurPictureCaptureViewController.m */; };
		27492CD916AA4B330095A442 /* SpurExpandedOfferViewController.m in Sources */ = {isa = PBXBuildFile; fileRef = 27492CD816AA4B330095A442 /* SpurExpandedOfferViewController.m */; };
		27492CDC16AA4BC40095A442 /* SpurAccepterOfferViewController.m in Sources */ = {isa = PBXBuildFile; fileRef = 27492CDB16AA4BC40095A442 /* SpurAccepterOfferViewController.m */; };
		27492CDF16AA4C3B0095A442 /* SpurMakePaymentViewController.m in Sources */ = {isa = PBXBuildFile; fileRef = 27492CDE16AA4C3B0095A442 /* SpurMakePaymentViewController.m */; };
		27492CE516AA4DF70095A442 /* SpurQuickRequestTableViewController.m in Sources */ = {isa = PBXBuildFile; fileRef = 27492CE416AA4DF70095A442 /* SpurQuickRequestTableViewController.m */; };
/* End PBXBuildFile section */

/* Begin PBXFileReference section */
		0A54557916AA509B0023C944 /* WindowsAzureMobileServices.framework */ = {isa = PBXFileReference; lastKnownFileType = wrapper.framework; name = WindowsAzureMobileServices.framework; path = MobileServicesSDK/WindowsAzureMobileServices.framework; sourceTree = "<group>"; };
		27492C8C16AA3F430095A442 /* Spur.app */ = {isa = PBXFileReference; explicitFileType = wrapper.application; includeInIndex = 0; path = Spur.app; sourceTree = BUILT_PRODUCTS_DIR; };
		27492C9016AA3F430095A442 /* UIKit.framework */ = {isa = PBXFileReference; lastKnownFileType = wrapper.framework; name = UIKit.framework; path = System/Library/Frameworks/UIKit.framework; sourceTree = SDKROOT; };
		27492C9216AA3F430095A442 /* Foundation.framework */ = {isa = PBXFileReference; lastKnownFileType = wrapper.framework; name = Foundation.framework; path = System/Library/Frameworks/Foundation.framework; sourceTree = SDKROOT; };
		27492C9416AA3F430095A442 /* CoreGraphics.framework */ = {isa = PBXFileReference; lastKnownFileType = wrapper.framework; name = CoreGraphics.framework; path = System/Library/Frameworks/CoreGraphics.framework; sourceTree = SDKROOT; };
		27492C9816AA3F430095A442 /* Spur-Info.plist */ = {isa = PBXFileReference; lastKnownFileType = text.plist.xml; path = "Spur-Info.plist"; sourceTree = "<group>"; };
		27492C9A16AA3F430095A442 /* en */ = {isa = PBXFileReference; lastKnownFileType = text.plist.strings; name = en; path = en.lproj/InfoPlist.strings; sourceTree = "<group>"; };
		27492C9C16AA3F430095A442 /* main.m */ = {isa = PBXFileReference; lastKnownFileType = sourcecode.c.objc; path = main.m; sourceTree = "<group>"; };
		27492C9E16AA3F430095A442 /* Spur-Prefix.pch */ = {isa = PBXFileReference; lastKnownFileType = sourcecode.c.h; path = "Spur-Prefix.pch"; sourceTree = "<group>"; };
		27492C9F16AA3F430095A442 /* SpurAppDelegate.h */ = {isa = PBXFileReference; lastKnownFileType = sourcecode.c.h; path = SpurAppDelegate.h; sourceTree = "<group>"; };
		27492CA016AA3F430095A442 /* SpurAppDelegate.m */ = {isa = PBXFileReference; lastKnownFileType = sourcecode.c.objc; path = SpurAppDelegate.m; sourceTree = "<group>"; };
		27492CA216AA3F430095A442 /* Default.png */ = {isa = PBXFileReference; lastKnownFileType = image.png; path = Default.png; sourceTree = "<group>"; };
		27492CA416AA3F430095A442 /* Default@2x.png */ = {isa = PBXFileReference; lastKnownFileType = image.png; path = "Default@2x.png"; sourceTree = "<group>"; };
		27492CA616AA3F430095A442 /* Default-568h@2x.png */ = {isa = PBXFileReference; lastKnownFileType = image.png; path = "Default-568h@2x.png"; sourceTree = "<group>"; };
		27492CA916AA3F430095A442 /* en */ = {isa = PBXFileReference; lastKnownFileType = file.storyboard; name = en; path = en.lproj/MainStoryboard.storyboard; sourceTree = "<group>"; };
		27492CB316AA41880095A442 /* SpurHomePageViewController.h */ = {isa = PBXFileReference; fileEncoding = 4; lastKnownFileType = sourcecode.c.h; path = SpurHomePageViewController.h; sourceTree = "<group>"; };
		27492CB416AA41880095A442 /* SpurHomePageViewController.m */ = {isa = PBXFileReference; fileEncoding = 4; lastKnownFileType = sourcecode.c.objc; path = SpurHomePageViewController.m; sourceTree = "<group>"; };
		27492CB616AA41DF0095A442 /* SpurSignInViewController.h */ = {isa = PBXFileReference; fileEncoding = 4; lastKnownFileType = sourcecode.c.h; path = SpurSignInViewController.h; sourceTree = "<group>"; };
		27492CB716AA41DF0095A442 /* SpurSignInViewController.m */ = {isa = PBXFileReference; fileEncoding = 4; lastKnownFileType = sourcecode.c.objc; path = SpurSignInViewController.m; sourceTree = "<group>"; };
		27492CB916AA42090095A442 /* SpurSignUpViewController.h */ = {isa = PBXFileReference; fileEncoding = 4; lastKnownFileType = sourcecode.c.h; path = SpurSignUpViewController.h; sourceTree = "<group>"; };
		27492CBA16AA42090095A442 /* SpurSignUpViewController.m */ = {isa = PBXFileReference; fileEncoding = 4; lastKnownFileType = sourcecode.c.objc; path = SpurSignUpViewController.m; sourceTree = "<group>"; };
		27492CBF16AA42EB0095A442 /* SpurMakeRequestViewController.h */ = {isa = PBXFileReference; fileEncoding = 4; lastKnownFileType = sourcecode.c.h; path = SpurMakeRequestViewController.h; sourceTree = "<group>"; };
		27492CC016AA42EB0095A442 /* SpurMakeRequestViewController.m */ = {isa = PBXFileReference; fileEncoding = 4; lastKnownFileType = sourcecode.c.objc; path = SpurMakeRequestViewController.m; sourceTree = "<group>"; };
		27492CC516AA43070095A442 /* SpurSettingsViewController.h */ = {isa = PBXFileReference; fileEncoding = 4; lastKnownFileType = sourcecode.c.h; path = SpurSettingsViewController.h; sourceTree = "<group>"; };
		27492CC616AA43070095A442 /* SpurSettingsViewController.m */ = {isa = PBXFileReference; fileEncoding = 4; lastKnownFileType = sourcecode.c.objc; path = SpurSettingsViewController.m; sourceTree = "<group>"; };
		27492CC816AA446C0095A442 /* SpurViewOffersTableViewController.h */ = {isa = PBXFileReference; fileEncoding = 4; lastKnownFileType = sourcecode.c.h; path = SpurViewOffersTableViewController.h; sourceTree = "<group>"; };
		27492CC916AA446C0095A442 /* SpurViewOffersTableViewController.m */ = {isa = PBXFileReference; fileEncoding = 4; lastKnownFileType = sourcecode.c.objc; path = SpurViewOffersTableViewController.m; sourceTree = "<group>"; };
		27492CCB16AA449B0095A442 /* SpurViewRequestsTableViewController.h */ = {isa = PBXFileReference; fileEncoding = 4; lastKnownFileType = sourcecode.c.h; path = SpurViewRequestsTableViewController.h; sourceTree = "<group>"; };
		27492CCC16AA449B0095A442 /* SpurViewRequestsTableViewController.m */ = {isa = PBXFileReference; fileEncoding = 4; lastKnownFileType = sourcecode.c.objc; path = SpurViewRequestsTableViewController.m; sourceTree = "<group>"; };
		27492CCE16AA49140095A442 /* SpurExpandedRequestViewController.h */ = {isa = PBXFileReference; fileEncoding = 4; lastKnownFileType = sourcecode.c.h; path = SpurExpandedRequestViewController.h; sourceTree = "<group>"; };
		27492CCF16AA49140095A442 /* SpurExpandedRequestViewController.m */ = {isa = PBXFileReference; fileEncoding = 4; lastKnownFileType = sourcecode.c.objc; path = SpurExpandedRequestViewController.m; sourceTree = "<group>"; };
		27492CD116AA49BB0095A442 /* SpurMakeOfferViewController.h */ = {isa = PBXFileReference; fileEncoding = 4; lastKnownFileType = sourcecode.c.h; path = SpurMakeOfferViewController.h; sourceTree = "<group>"; };
		27492CD216AA49BB0095A442 /* SpurMakeOfferViewController.m */ = {isa = PBXFileReference; fileEncoding = 4; lastKnownFileType = sourcecode.c.objc; path = SpurMakeOfferViewController.m; sourceTree = "<group>"; };
		27492CD416AA4ABA0095A442 /* SpurPictureCaptureViewController.h */ = {isa = PBXFileReference; fileEncoding = 4; lastKnownFileType = sourcecode.c.h; path = SpurPictureCaptureViewController.h; sourceTree = "<group>"; };
		27492CD516AA4ABA0095A442 /* SpurPictureCaptureViewController.m */ = {isa = PBXFileReference; fileEncoding = 4; lastKnownFileType = sourcecode.c.objc; path = SpurPictureCaptureViewController.m; sourceTree = "<group>"; };
		27492CD716AA4B330095A442 /* SpurExpandedOfferViewController.h */ = {isa = PBXFileReference; fileEncoding = 4; lastKnownFileType = sourcecode.c.h; path = SpurExpandedOfferViewController.h; sourceTree = "<group>"; };
		27492CD816AA4B330095A442 /* SpurExpandedOfferViewController.m */ = {isa = PBXFileReference; fileEncoding = 4; lastKnownFileType = sourcecode.c.objc; path = SpurExpandedOfferViewController.m; sourceTree = "<group>"; };
		27492CDA16AA4BC40095A442 /* SpurAccepterOfferViewController.h */ = {isa = PBXFileReference; fileEncoding = 4; lastKnownFileType = sourcecode.c.h; path = SpurAccepterOfferViewController.h; sourceTree = "<group>"; };
		27492CDB16AA4BC40095A442 /* SpurAccepterOfferViewController.m */ = {isa = PBXFileReference; fileEncoding = 4; lastKnownFileType = sourcecode.c.objc; path = SpurAccepterOfferViewController.m; sourceTree = "<group>"; };
		27492CDD16AA4C3B0095A442 /* SpurMakePaymentViewController.h */ = {isa = PBXFileReference; fileEncoding = 4; lastKnownFileType = sourcecode.c.h; path = SpurMakePaymentViewController.h; sourceTree = "<group>"; };
		27492CDE16AA4C3B0095A442 /* SpurMakePaymentViewController.m */ = {isa = PBXFileReference; fileEncoding = 4; lastKnownFileType = sourcecode.c.objc; path = SpurMakePaymentViewController.m; sourceTree = "<group>"; };
		27492CE316AA4DF70095A442 /* SpurQuickRequestTableViewController.h */ = {isa = PBXFileReference; fileEncoding = 4; lastKnownFileType = sourcecode.c.h; path = SpurQuickRequestTableViewController.h; sourceTree = "<group>"; };
		27492CE416AA4DF70095A442 /* SpurQuickRequestTableViewController.m */ = {isa = PBXFileReference; fileEncoding = 4; lastKnownFileType = sourcecode.c.objc; path = SpurQuickRequestTableViewController.m; sourceTree = "<group>"; };
/* End PBXFileReference section */

/* Begin PBXFrameworksBuildPhase section */
		27492C8916AA3F430095A442 /* Frameworks */ = {
			isa = PBXFrameworksBuildPhase;
			buildActionMask = 2147483647;
			files = (
				27492C9116AA3F430095A442 /* UIKit.framework in Frameworks */,
				27492C9316AA3F430095A442 /* Foundation.framework in Frameworks */,
				27492C9516AA3F430095A442 /* CoreGraphics.framework in Frameworks */,
				0A54557A16AA509B0023C944 /* WindowsAzureMobileServices.framework in Frameworks */,
			);
			runOnlyForDeploymentPostprocessing = 0;
		};
/* End PBXFrameworksBuildPhase section */

/* Begin PBXGroup section */
		27492C8116AA3F430095A442 = {
			isa = PBXGroup;
			children = (
				27492C9616AA3F430095A442 /* Spur */,
				27492C8F16AA3F430095A442 /* Frameworks */,
				27492C8D16AA3F430095A442 /* Products */,
			);
			sourceTree = "<group>";
		};
		27492C8D16AA3F430095A442 /* Products */ = {
			isa = PBXGroup;
			children = (
				27492C8C16AA3F430095A442 /* Spur.app */,
			);
			name = Products;
			sourceTree = "<group>";
		};
		27492C8F16AA3F430095A442 /* Frameworks */ = {
			isa = PBXGroup;
			children = (
				0A54557916AA509B0023C944 /* WindowsAzureMobileServices.framework */,
				27492C9016AA3F430095A442 /* UIKit.framework */,
				27492C9216AA3F430095A442 /* Foundation.framework */,
				27492C9416AA3F430095A442 /* CoreGraphics.framework */,
			);
			name = Frameworks;
			sourceTree = "<group>";
		};
		27492C9616AA3F430095A442 /* Spur */ = {
			isa = PBXGroup;
			children = (
				27492C9F16AA3F430095A442 /* SpurAppDelegate.h */,
				27492CA016AA3F430095A442 /* SpurAppDelegate.m */,
				27492CA816AA3F430095A442 /* MainStoryboard.storyboard */,
				27492CD116AA49BB0095A442 /* SpurMakeOfferViewController.h */,
				27492CD216AA49BB0095A442 /* SpurMakeOfferViewController.m */,
				27492CD416AA4ABA0095A442 /* SpurPictureCaptureViewController.h */,
				27492CD516AA4ABA0095A442 /* SpurPictureCaptureViewController.m */,
				27492CD716AA4B330095A442 /* SpurExpandedOfferViewController.h */,
				27492CD816AA4B330095A442 /* SpurExpandedOfferViewController.m */,
				27492CDA16AA4BC40095A442 /* SpurAccepterOfferViewController.h */,
				27492CDB16AA4BC40095A442 /* SpurAccepterOfferViewController.m */,
				27492CDD16AA4C3B0095A442 /* SpurMakePaymentViewController.h */,
				27492CDE16AA4C3B0095A442 /* SpurMakePaymentViewController.m */,
				27492CB616AA41DF0095A442 /* SpurSignInViewController.h */,
				27492CB716AA41DF0095A442 /* SpurSignInViewController.m */,
				27492CB916AA42090095A442 /* SpurSignUpViewController.h */,
				27492CBA16AA42090095A442 /* SpurSignUpViewController.m */,
				27492CBF16AA42EB0095A442 /* SpurMakeRequestViewController.h */,
				27492CC016AA42EB0095A442 /* SpurMakeRequestViewController.m */,
				27492CE316AA4DF70095A442 /* SpurQuickRequestTableViewController.h */,
				27492CE416AA4DF70095A442 /* SpurQuickRequestTableViewController.m */,
				27492CC516AA43070095A442 /* SpurSettingsViewController.h */,
				27492CC616AA43070095A442 /* SpurSettingsViewController.m */,
				27492CB316AA41880095A442 /* SpurHomePageViewController.h */,
				27492CB416AA41880095A442 /* SpurHomePageViewController.m */,
				27492CCB16AA449B0095A442 /* SpurViewRequestsTableViewController.h */,
				27492CCC16AA449B0095A442 /* SpurViewRequestsTableViewController.m */,
				27492CC816AA446C0095A442 /* SpurViewOffersTableViewController.h */,
				27492CC916AA446C0095A442 /* SpurViewOffersTableViewController.m */,
				27492CCE16AA49140095A442 /* SpurExpandedRequestViewController.h */,
				27492CCF16AA49140095A442 /* SpurExpandedRequestViewController.m */,
				27492C9716AA3F430095A442 /* Supporting Files */,
			);
			path = Spur;
			sourceTree = "<group>";
		};
		27492C9716AA3F430095A442 /* Supporting Files */ = {
			isa = PBXGroup;
			children = (
				27492C9816AA3F430095A442 /* Spur-Info.plist */,
				27492C9916AA3F430095A442 /* InfoPlist.strings */,
				27492C9C16AA3F430095A442 /* main.m */,
				27492C9E16AA3F430095A442 /* Spur-Prefix.pch */,
				27492CA216AA3F430095A442 /* Default.png */,
				27492CA416AA3F430095A442 /* Default@2x.png */,
				27492CA616AA3F430095A442 /* Default-568h@2x.png */,
			);
			name = "Supporting Files";
			sourceTree = "<group>";
		};
/* End PBXGroup section */

/* Begin PBXNativeTarget section */
		27492C8B16AA3F430095A442 /* Spur */ = {
			isa = PBXNativeTarget;
			buildConfigurationList = 27492CB016AA3F430095A442 /* Build configuration list for PBXNativeTarget "Spur" */;
			buildPhases = (
				27492C8816AA3F430095A442 /* Sources */,
				27492C8916AA3F430095A442 /* Frameworks */,
				27492C8A16AA3F430095A442 /* Resources */,
			);
			buildRules = (
			);
			dependencies = (
			);
			name = Spur;
			productName = Spur;
			productReference = 27492C8C16AA3F430095A442 /* Spur.app */;
			productType = "com.apple.product-type.application";
		};
/* End PBXNativeTarget section */

/* Begin PBXProject section */
		27492C8316AA3F430095A442 /* Project object */ = {
			isa = PBXProject;
			attributes = {
				CLASSPREFIX = Spur;
				LastUpgradeCheck = 0450;
				ORGANIZATIONNAME = "Mike Verderese";
			};
			buildConfigurationList = 27492C8616AA3F430095A442 /* Build configuration list for PBXProject "Spur" */;
			compatibilityVersion = "Xcode 3.2";
			developmentRegion = English;
			hasScannedForEncodings = 0;
			knownRegions = (
				en,
			);
			mainGroup = 27492C8116AA3F430095A442;
			productRefGroup = 27492C8D16AA3F430095A442 /* Products */;
			projectDirPath = "";
			projectRoot = "";
			targets = (
				27492C8B16AA3F430095A442 /* Spur */,
			);
		};
/* End PBXProject section */

/* Begin PBXResourcesBuildPhase section */
		27492C8A16AA3F430095A442 /* Resources */ = {
			isa = PBXResourcesBuildPhase;
			buildActionMask = 2147483647;
			files = (
				27492C9B16AA3F430095A442 /* InfoPlist.strings in Resources */,
				27492CA316AA3F430095A442 /* Default.png in Resources */,
				27492CA516AA3F430095A442 /* Default@2x.png in Resources */,
				27492CA716AA3F430095A442 /* Default-568h@2x.png in Resources */,
				27492CAA16AA3F430095A442 /* MainStoryboard.storyboard in Resources */,
			);
			runOnlyForDeploymentPostprocessing = 0;
		};
/* End PBXResourcesBuildPhase section */

/* Begin PBXSourcesBuildPhase section */
		27492C8816AA3F430095A442 /* Sources */ = {
			isa = PBXSourcesBuildPhase;
			buildActionMask = 2147483647;
			files = (
				27492C9D16AA3F430095A442 /* main.m in Sources */,
				27492CA116AA3F430095A442 /* SpurAppDelegate.m in Sources */,
				27492CB516AA41880095A442 /* SpurHomePageViewController.m in Sources */,
				27492CB816AA41E00095A442 /* SpurSignInViewController.m in Sources */,
				27492CBB16AA42090095A442 /* SpurSignUpViewController.m in Sources */,
				27492CC116AA42EB0095A442 /* SpurMakeRequestViewController.m in Sources */,
				27492CC716AA43070095A442 /* SpurSettingsViewController.m in Sources */,
				27492CCA16AA446C0095A442 /* SpurViewOffersTableViewController.m in Sources */,
				27492CCD16AA449B0095A442 /* SpurViewRequestsTableViewController.m in Sources */,
				27492CD016AA49140095A442 /* SpurExpandedRequestViewController.m in Sources */,
				27492CD316AA49BB0095A442 /* SpurMakeOfferViewController.m in Sources */,
				27492CD616AA4ABA0095A442 /* SpurPictureCaptureViewController.m in Sources */,
				27492CD916AA4B330095A442 /* SpurExpandedOfferViewController.m in Sources */,
				27492CDC16AA4BC40095A442 /* SpurAccepterOfferViewController.m in Sources */,
				27492CDF16AA4C3B0095A442 /* SpurMakePaymentViewController.m in Sources */,
				27492CE516AA4DF70095A442 /* SpurQuickRequestTableViewController.m in Sources */,
			);
			runOnlyForDeploymentPostprocessing = 0;
		};
/* End PBXSourcesBuildPhase section */

/* Begin PBXVariantGroup section */
		27492C9916AA3F430095A442 /* InfoPlist.strings */ = {
			isa = PBXVariantGroup;
			children = (
				27492C9A16AA3F430095A442 /* en */,
			);
			name = InfoPlist.strings;
			sourceTree = "<group>";
		};
		27492CA816AA3F430095A442 /* MainStoryboard.storyboard */ = {
			isa = PBXVariantGroup;
			children = (
				27492CA916AA3F430095A442 /* en */,
			);
			name = MainStoryboard.storyboard;
			sourceTree = "<group>";
		};
/* End PBXVariantGroup section */

/* Begin XCBuildConfiguration section */
		27492CAE16AA3F430095A442 /* Debug */ = {
			isa = XCBuildConfiguration;
			buildSettings = {
				ALWAYS_SEARCH_USER_PATHS = NO;
				CLANG_CXX_LANGUAGE_STANDARD = "gnu++0x";
				CLANG_CXX_LIBRARY = "libc++";
				CLANG_ENABLE_OBJC_ARC = YES;
				CLANG_WARN_EMPTY_BODY = YES;
				CLANG_WARN__DUPLICATE_METHOD_MATCH = YES;
				"CODE_SIGN_IDENTITY[sdk=iphoneos*]" = "iPhone Developer";
				COPY_PHASE_STRIP = NO;
				GCC_C_LANGUAGE_STANDARD = gnu99;
				GCC_DYNAMIC_NO_PIC = NO;
				GCC_OPTIMIZATION_LEVEL = 0;
				GCC_PREPROCESSOR_DEFINITIONS = (
					"DEBUG=1",
					"$(inherited)",
				);
				GCC_SYMBOLS_PRIVATE_EXTERN = NO;
				GCC_WARN_ABOUT_RETURN_TYPE = YES;
				GCC_WARN_UNINITIALIZED_AUTOS = YES;
				GCC_WARN_UNUSED_VARIABLE = YES;
				IPHONEOS_DEPLOYMENT_TARGET = 6.0;
				ONLY_ACTIVE_ARCH = YES;
				SDKROOT = iphoneos;
			};
			name = Debug;
		};
		27492CAF16AA3F430095A442 /* Release */ = {
			isa = XCBuildConfiguration;
			buildSettings = {
				ALWAYS_SEARCH_USER_PATHS = NO;
				CLANG_CXX_LANGUAGE_STANDARD = "gnu++0x";
				CLANG_CXX_LIBRARY = "libc++";
				CLANG_ENABLE_OBJC_ARC = YES;
				CLANG_WARN_EMPTY_BODY = YES;
				CLANG_WARN__DUPLICATE_METHOD_MATCH = YES;
				"CODE_SIGN_IDENTITY[sdk=iphoneos*]" = "iPhone Developer";
				COPY_PHASE_STRIP = YES;
				GCC_C_LANGUAGE_STANDARD = gnu99;
				GCC_WARN_ABOUT_RETURN_TYPE = YES;
				GCC_WARN_UNINITIALIZED_AUTOS = YES;
				GCC_WARN_UNUSED_VARIABLE = YES;
				IPHONEOS_DEPLOYMENT_TARGET = 6.0;
				OTHER_CFLAGS = "-DNS_BLOCK_ASSERTIONS=1";
				SDKROOT = iphoneos;
				VALIDATE_PRODUCT = YES;
			};
			name = Release;
		};
		27492CB116AA3F430095A442 /* Debug */ = {
			isa = XCBuildConfiguration;
			buildSettings = {
				CODE_SIGN_IDENTITY = "iPhone Developer: Matthew Zoufaly (R945WVEVM5)";
				FRAMEWORK_SEARCH_PATHS = (
					"$(inherited)",
					"\"$(SRCROOT)/MobileServicesSDK\"",
				);
				GCC_PRECOMPILE_PREFIX_HEADER = YES;
				GCC_PREFIX_HEADER = "Spur/Spur-Prefix.pch";
				INFOPLIST_FILE = "Spur/Spur-Info.plist";
				PRODUCT_NAME = "$(TARGET_NAME)";
				PROVISIONING_PROFILE = "73BF86A2-79F9-4489-9E91-50BDE845EC44";
				WRAPPER_EXTENSION = app;
			};
			name = Debug;
		};
		27492CB216AA3F430095A442 /* Release */ = {
			isa = XCBuildConfiguration;
			buildSettings = {
				CODE_SIGN_IDENTITY = "iPhone Distribution: AllSortz, Inc.";
				FRAMEWORK_SEARCH_PATHS = (
					"$(inherited)",
					"\"$(SRCROOT)/MobileServicesSDK\"",
				);
				GCC_PRECOMPILE_PREFIX_HEADER = YES;
				GCC_PREFIX_HEADER = "Spur/Spur-Prefix.pch";
				INFOPLIST_FILE = "Spur/Spur-Info.plist";
				PRODUCT_NAME = "$(TARGET_NAME)";
				PROVISIONING_PROFILE = "0B759705-0530-4045-85C9-C49DF5E088C2";
				WRAPPER_EXTENSION = app;
			};
			name = Release;
		};
/* End XCBuildConfiguration section */

/* Begin XCConfigurationList section */
		27492C8616AA3F430095A442 /* Build configuration list for PBXProject "Spur" */ = {
			isa = XCConfigurationList;
			buildConfigurations = (
				27492CAE16AA3F430095A442 /* Debug */,
				27492CAF16AA3F430095A442 /* Release */,
			);
			defaultConfigurationIsVisible = 0;
			defaultConfigurationName = Release;
		};
		27492CB016AA3F430095A442 /* Build configuration list for PBXNativeTarget "Spur" */ = {
			isa = XCConfigurationList;
			buildConfigurations = (
				27492CB116AA3F430095A442 /* Debug */,
				27492CB216AA3F430095A442 /* Release */,
			);
			defaultConfigurationIsVisible = 0;
			defaultConfigurationName = Release;
		};
/* End XCConfigurationList section */
	};
	rootObject = 27492C8316AA3F430095A442 /* Project object */;
}
