// !$*UTF8*$!
{
	archiveVersion = 1;
	classes = {
	};
	objectVersion = 46;
	objects = {

/* Begin PBXBuildFile section */
		0A54557A16AA509B0023C944 /* WindowsAzureMobileServices.framework in Frameworks */ = {isa = PBXBuildFile; fileRef = 0A54557916AA509B0023C944 /* WindowsAzureMobileServices.framework */; };
		0A54560D16AA7F620023C944 /* SpurService.m in Sources */ = {isa = PBXBuildFile; fileRef = 0A54560C16AA7F620023C944 /* SpurService.m */; };
		0A54561316AAA5240023C944 /* MapKit.framework in Frameworks */ = {isa = PBXBuildFile; fileRef = 0A54561216AAA5240023C944 /* MapKit.framework */; };
		0A54561516AAA52A0023C944 /* CoreLocation.framework in Frameworks */ = {isa = PBXBuildFile; fileRef = 0A54561416AAA52A0023C944 /* CoreLocation.framework */; };
		0A54562716AAA5D60023C944 /* libQuickDialog.a in Frameworks */ = {isa = PBXBuildFile; fileRef = 0A54562216AAA5440023C944 /* libQuickDialog.a */; };
		0AC4274216AACC2F009A4D07 /* Security.framework in Frameworks */ = {isa = PBXBuildFile; fileRef = 0AC4274116AACC2F009A4D07 /* Security.framework */; };
		0AC4281616AB3D70009A4D07 /* .gitignore in Resources */ = {isa = PBXBuildFile; fileRef = 0AC427D116AB3D70009A4D07 /* .gitignore */; };
		0AC4281716AB3D70009A4D07 /* .gitmodules in Resources */ = {isa = PBXBuildFile; fileRef = 0AC427D216AB3D70009A4D07 /* .gitmodules */; };
		0AC4281816AB3D70009A4D07 /* README.md in Resources */ = {isa = PBXBuildFile; fileRef = 0AC427D616AB3D70009A4D07 /* README.md */; };
		0AC4281916AB3D70009A4D07 /* NSBundle+Venmo.m in Sources */ = {isa = PBXBuildFile; fileRef = 0AC427DA16AB3D70009A4D07 /* NSBundle+Venmo.m */; };
		0AC4281A16AB3D70009A4D07 /* NSDictionary+Venmo.m in Sources */ = {isa = PBXBuildFile; fileRef = 0AC427DC16AB3D70009A4D07 /* NSDictionary+Venmo.m */; };
		0AC4281B16AB3D70009A4D07 /* NSError+Venmo.m in Sources */ = {isa = PBXBuildFile; fileRef = 0AC427DE16AB3D70009A4D07 /* NSError+Venmo.m */; };
		0AC4281C16AB3D70009A4D07 /* NSString+Venmo.m in Sources */ = {isa = PBXBuildFile; fileRef = 0AC427E016AB3D70009A4D07 /* NSString+Venmo.m */; };
		0AC4281D16AB3D70009A4D07 /* NSURL+Venmo.m in Sources */ = {isa = PBXBuildFile; fileRef = 0AC427E216AB3D70009A4D07 /* NSURL+Venmo.m */; };
		0AC4281E16AB3D70009A4D07 /* VenmoActivityView.m in Sources */ = {isa = PBXBuildFile; fileRef = 0AC427E316AB3D70009A4D07 /* VenmoActivityView.m */; };
		0AC4281F16AB3D70009A4D07 /* VenmoBase64.m in Sources */ = {isa = PBXBuildFile; fileRef = 0AC427E516AB3D70009A4D07 /* VenmoBase64.m */; };
		0AC4282016AB3D70009A4D07 /* VenmoHMAC_SHA256.m in Sources */ = {isa = PBXBuildFile; fileRef = 0AC427EA16AB3D70009A4D07 /* VenmoHMAC_SHA256.m */; };
		0AC4282116AB3D70009A4D07 /* VenmoClient.m in Sources */ = {isa = PBXBuildFile; fileRef = 0AC427F216AB3D70009A4D07 /* VenmoClient.m */; };
		0AC4282216AB3D70009A4D07 /* VenmoErrors.m in Sources */ = {isa = PBXBuildFile; fileRef = 0AC427F416AB3D70009A4D07 /* VenmoErrors.m */; };
		0AC4282316AB3D70009A4D07 /* VenmoTransaction.m in Sources */ = {isa = PBXBuildFile; fileRef = 0AC427F616AB3D70009A4D07 /* VenmoTransaction.m */; };
		0AC4282416AB3D70009A4D07 /* VenmoViewController.m in Sources */ = {isa = PBXBuildFile; fileRef = 0AC427F816AB3D70009A4D07 /* VenmoViewController.m */; };
		0AC4282516AB3D70009A4D07 /* AppDelegate.m in Sources */ = {isa = PBXBuildFile; fileRef = 0AC427FE16AB3D70009A4D07 /* AppDelegate.m */; };
		0AC4282616AB3D70009A4D07 /* main.m in Sources */ = {isa = PBXBuildFile; fileRef = 0AC4280016AB3D70009A4D07 /* main.m */; };
		0AC4282716AB3D70009A4D07 /* VenmoApp-Info.plist in Resources */ = {isa = PBXBuildFile; fileRef = 0AC4280116AB3D70009A4D07 /* VenmoApp-Info.plist */; };
		0AC4282816AB3D70009A4D07 /* WelcomeViewController.m in Sources */ = {isa = PBXBuildFile; fileRef = 0AC4280416AB3D70009A4D07 /* WelcomeViewController.m */; };
		0AC4282916AB3D70009A4D07 /* NSDictionarySpecs.m in Sources */ = {isa = PBXBuildFile; fileRef = 0AC4280616AB3D70009A4D07 /* NSDictionarySpecs.m */; };
		0AC4282A16AB3D70009A4D07 /* NSStringSpecs.m in Sources */ = {isa = PBXBuildFile; fileRef = 0AC4280716AB3D70009A4D07 /* NSStringSpecs.m */; };
		0AC4282B16AB3D70009A4D07 /* NSInvocation+SpecMethodPrefix.m in Sources */ = {isa = PBXBuildFile; fileRef = 0AC4280916AB3D70009A4D07 /* NSInvocation+SpecMethodPrefix.m */; };
		0AC4282C16AB3D70009A4D07 /* VenmoSpecsSpecs.m in Sources */ = {isa = PBXBuildFile; fileRef = 0AC4280C16AB3D70009A4D07 /* VenmoSpecsSpecs.m */; };
		0AC4282D16AB3D70009A4D07 /* VenmoBase64Specs.m in Sources */ = {isa = PBXBuildFile; fileRef = 0AC4280D16AB3D70009A4D07 /* VenmoBase64Specs.m */; };
		0AC4282E16AB3D70009A4D07 /* VenmoClientSpecs.m in Sources */ = {isa = PBXBuildFile; fileRef = 0AC4280E16AB3D70009A4D07 /* VenmoClientSpecs.m */; };
		0AC4282F16AB3D70009A4D07 /* VenmoTransactionSpecs.m in Sources */ = {isa = PBXBuildFile; fileRef = 0AC4280F16AB3D70009A4D07 /* VenmoTransactionSpecs.m */; };
		0AC4283016AB3D70009A4D07 /* VenmoViewControllerSpecs.m in Sources */ = {isa = PBXBuildFile; fileRef = 0AC4281016AB3D70009A4D07 /* VenmoViewControllerSpecs.m */; };
		0AC4283A16AB3DE0009A4D07 /* libVenmo.a in Frameworks */ = {isa = PBXBuildFile; fileRef = 0AC4283516AB3D71009A4D07 /* libVenmo.a */; };
		27492C9116AA3F430095A442 /* UIKit.framework in Frameworks */ = {isa = PBXBuildFile; fileRef = 27492C9016AA3F430095A442 /* UIKit.framework */; };
		27492C9316AA3F430095A442 /* Foundation.framework in Frameworks */ = {isa = PBXBuildFile; fileRef = 27492C9216AA3F430095A442 /* Foundation.framework */; };
		27492C9516AA3F430095A442 /* CoreGraphics.framework in Frameworks */ = {isa = PBXBuildFile; fileRef = 27492C9416AA3F430095A442 /* CoreGraphics.framework */; };
		27492C9B16AA3F430095A442 /* InfoPlist.strings in Resources */ = {isa = PBXBuildFile; fileRef = 27492C9916AA3F430095A442 /* InfoPlist.strings */; };
		27492C9D16AA3F430095A442 /* main.m in Sources */ = {isa = PBXBuildFile; fileRef = 27492C9C16AA3F430095A442 /* main.m */; };
		27492CA116AA3F430095A442 /* SpurAppDelegate.m in Sources */ = {isa = PBXBuildFile; fileRef = 27492CA016AA3F430095A442 /* SpurAppDelegate.m */; };
		27492CA316AA3F430095A442 /* Default.png in Resources */ = {isa = PBXBuildFile; fileRef = 27492CA216AA3F430095A442 /* Default.png */; };
		27492CA516AA3F430095A442 /* Default@2x.png in Resources */ = {isa = PBXBuildFile; fileRef = 27492CA416AA3F430095A442 /* Default@2x.png */; };
		27492CA716AA3F430095A442 /* Default-568h@2x.png in Resources */ = {isa = PBXBuildFile; fileRef = 27492CA616AA3F430095A442 /* Default-568h@2x.png */; };
		27492CAA16AA3F430095A442 /* MainStoryboard.storyboard in Resources */ = {isa = PBXBuildFile; fileRef = 27492CA816AA3F430095A442 /* MainStoryboard.storyboard */; };
		27492CC116AA42EB0095A442 /* SpurMakeRequestViewController.m in Sources */ = {isa = PBXBuildFile; fileRef = 27492CC016AA42EB0095A442 /* SpurMakeRequestViewController.m */; };
		27492CCA16AA446C0095A442 /* SpurIncomingOffersTableViewController.m in Sources */ = {isa = PBXBuildFile; fileRef = 27492CC916AA446C0095A442 /* SpurIncomingOffersTableViewController.m */; };
		27492CCD16AA449B0095A442 /* SpurIncomingRequestsTableViewController.m in Sources */ = {isa = PBXBuildFile; fileRef = 27492CCC16AA449B0095A442 /* SpurIncomingRequestsTableViewController.m */; };
		27492CD016AA49140095A442 /* SpurExpandedIncomingRequestViewController.m in Sources */ = {isa = PBXBuildFile; fileRef = 27492CCF16AA49140095A442 /* SpurExpandedIncomingRequestViewController.m */; };
		27492CD916AA4B330095A442 /* SpurExpandedIncomingOfferViewController.m in Sources */ = {isa = PBXBuildFile; fileRef = 27492CD816AA4B330095A442 /* SpurExpandedIncomingOfferViewController.m */; };
		27492CDC16AA4BC40095A442 /* SpurExpandedPendingPaymentViewController.m in Sources */ = {isa = PBXBuildFile; fileRef = 27492CDB16AA4BC40095A442 /* SpurExpandedPendingPaymentViewController.m */; };
		27492CDF16AA4C3B0095A442 /* SpurMakePaymentViewController.m in Sources */ = {isa = PBXBuildFile; fileRef = 27492CDE16AA4C3B0095A442 /* SpurMakePaymentViewController.m */; };
		27492CEF16AA60A70095A442 /* SpurPendingPaymentsTableViewController.m in Sources */ = {isa = PBXBuildFile; fileRef = 27492CEE16AA60A70095A442 /* SpurPendingPaymentsTableViewController.m */; };
		27492CF416AA645E0095A442 /* SpurOutgoingOffersTableViewController.m in Sources */ = {isa = PBXBuildFile; fileRef = 27492CF316AA645E0095A442 /* SpurOutgoingOffersTableViewController.m */; };
		27492CFF16AA668E0095A442 /* SpurOutgoingRequestsViewController.m in Sources */ = {isa = PBXBuildFile; fileRef = 27492CFE16AA668E0095A442 /* SpurOutgoingRequestsViewController.m */; };
		27492D0C16AA6A970095A442 /* SpurExpandedOutgoingOfferViewController.m in Sources */ = {isa = PBXBuildFile; fileRef = 27492D0B16AA6A970095A442 /* SpurExpandedOutgoingOfferViewController.m */; };
		27492D1116AA6BC70095A442 /* SpurExpandedOutgoingRequestViewController.m in Sources */ = {isa = PBXBuildFile; fileRef = 27492D1016AA6BC70095A442 /* SpurExpandedOutgoingRequestViewController.m */; };
		27492D3F16AB284C0095A442 /* AVFoundation.framework in Frameworks */ = {isa = PBXBuildFile; fileRef = 27492D3E16AB284C0095A442 /* AVFoundation.framework */; };
		27492D4A16AB2C2C0095A442 /* btn_back@2x.png in Resources */ = {isa = PBXBuildFile; fileRef = 27492D4216AB2C2C0095A442 /* btn_back@2x.png */; };
		27492D4B16AB2C2C0095A442 /* btn_camera@2x.png in Resources */ = {isa = PBXBuildFile; fileRef = 27492D4316AB2C2C0095A442 /* btn_camera@2x.png */; };
		27492D4C16AB2C2C0095A442 /* btn_check@2x.png in Resources */ = {isa = PBXBuildFile; fileRef = 27492D4416AB2C2C0095A442 /* btn_check@2x.png */; };
		27492D4D16AB2C2C0095A442 /* btn_x@2x.png in Resources */ = {isa = PBXBuildFile; fileRef = 27492D4516AB2C2C0095A442 /* btn_x@2x.png */; };
		27492D4E16AB2C2C0095A442 /* Camera_hidefilters@2x.png in Resources */ = {isa = PBXBuildFile; fileRef = 27492D4616AB2C2C0095A442 /* Camera_hidefilters@2x.png */; };
		27492D4F16AB2C2C0095A442 /* Camera_showfilters@2x.png in Resources */ = {isa = PBXBuildFile; fileRef = 27492D4716AB2C2C0095A442 /* Camera_showfilters@2x.png */; };
		27492D5016AB2C2C0095A442 /* Camera_thumb@2x.png in Resources */ = {isa = PBXBuildFile; fileRef = 27492D4816AB2C2C0095A442 /* Camera_thumb@2x.png */; };
		27492D5116AB2C2C0095A442 /* Filters_Background@2x.png in Resources */ = {isa = PBXBuildFile; fileRef = 27492D4916AB2C2C0095A442 /* Filters_Background@2x.png */; };
/* End PBXBuildFile section */

/* Begin PBXContainerItemProxy section */
		0A54561F16AAA5440023C944 /* PBXContainerItemProxy */ = {
			isa = PBXContainerItemProxy;
			containerPortal = 0A54561616AAA5440023C944 /* QuickDialog.xcodeproj */;
			proxyType = 2;
			remoteGlobalIDString = D80B0E3313E052DF00FA85CA;
			remoteInfo = QuickDialogExample;
		};
		0A54562116AAA5440023C944 /* PBXContainerItemProxy */ = {
			isa = PBXContainerItemProxy;
			containerPortal = 0A54561616AAA5440023C944 /* QuickDialog.xcodeproj */;
			proxyType = 2;
			remoteGlobalIDString = 2C542393145ADEBD0026A152;
			remoteInfo = QuickDialog;
		};
		0A54562516AAA5CD0023C944 /* PBXContainerItemProxy */ = {
			isa = PBXContainerItemProxy;
			containerPortal = 0A54561616AAA5440023C944 /* QuickDialog.xcodeproj */;
			proxyType = 1;
			remoteGlobalIDString = 2C542392145ADEBD0026A152;
			remoteInfo = QuickDialog;
		};
		0AC4283416AB3D71009A4D07 /* PBXContainerItemProxy */ = {
			isa = PBXContainerItemProxy;
			containerPortal = 0AC427F916AB3D70009A4D07 /* Venmo.xcodeproj */;
			proxyType = 2;
			remoteGlobalIDString = C9BD6C6A13EEE06400F4D8F4;
			remoteInfo = Venmo;
		};
		0AC4283616AB3D71009A4D07 /* PBXContainerItemProxy */ = {
			isa = PBXContainerItemProxy;
			containerPortal = 0AC427F916AB3D70009A4D07 /* Venmo.xcodeproj */;
			proxyType = 2;
			remoteGlobalIDString = C9550E7613F5C48900212008;
			remoteInfo = VenmoApp;
		};
		0AC4283816AB3D71009A4D07 /* PBXContainerItemProxy */ = {
			isa = PBXContainerItemProxy;
			containerPortal = 0AC427F916AB3D70009A4D07 /* Venmo.xcodeproj */;
			proxyType = 2;
			remoteGlobalIDString = C9BD6C7A13EEE06400F4D8F4;
			remoteInfo = VenmoSpecs;
		};
/* End PBXContainerItemProxy section */

/* Begin PBXFileReference section */
		0A54557916AA509B0023C944 /* WindowsAzureMobileServices.framework */ = {isa = PBXFileReference; lastKnownFileType = wrapper.framework; name = WindowsAzureMobileServices.framework; path = MobileServicesSDK/WindowsAzureMobileServices.framework; sourceTree = "<group>"; };
		0A54560B16AA7F620023C944 /* SpurService.h */ = {isa = PBXFileReference; fileEncoding = 4; lastKnownFileType = sourcecode.c.h; path = SpurService.h; sourceTree = "<group>"; };
		0A54560C16AA7F620023C944 /* SpurService.m */ = {isa = PBXFileReference; fileEncoding = 4; lastKnownFileType = sourcecode.c.objc; path = SpurService.m; sourceTree = "<group>"; };
		0A54561216AAA5240023C944 /* MapKit.framework */ = {isa = PBXFileReference; lastKnownFileType = wrapper.framework; name = MapKit.framework; path = System/Library/Frameworks/MapKit.framework; sourceTree = SDKROOT; };
		0A54561416AAA52A0023C944 /* CoreLocation.framework */ = {isa = PBXFileReference; lastKnownFileType = wrapper.framework; name = CoreLocation.framework; path = System/Library/Frameworks/CoreLocation.framework; sourceTree = SDKROOT; };
		0A54561616AAA5440023C944 /* QuickDialog.xcodeproj */ = {isa = PBXFileReference; lastKnownFileType = "wrapper.pb-project"; name = QuickDialog.xcodeproj; path = QuickDialog/QuickDialog.xcodeproj; sourceTree = "<group>"; };
		0AC4274116AACC2F009A4D07 /* Security.framework */ = {isa = PBXFileReference; lastKnownFileType = wrapper.framework; name = Security.framework; path = System/Library/Frameworks/Security.framework; sourceTree = SDKROOT; };
		0AC4274516AACCA8009A4D07 /* KeychainItemWrapper.h */ = {isa = PBXFileReference; lastKnownFileType = sourcecode.c.h; path = KeychainItemWrapper.h; sourceTree = "<group>"; };
		0AC4274616AACCA8009A4D07 /* KeychainItemWrapper.m */ = {isa = PBXFileReference; lastKnownFileType = sourcecode.c.objc; path = KeychainItemWrapper.m; sourceTree = "<group>"; };
		0AC427D116AB3D70009A4D07 /* .gitignore */ = {isa = PBXFileReference; fileEncoding = 4; lastKnownFileType = text; path = .gitignore; sourceTree = "<group>"; };
		0AC427D216AB3D70009A4D07 /* .gitmodules */ = {isa = PBXFileReference; fileEncoding = 4; lastKnownFileType = text; path = .gitmodules; sourceTree = "<group>"; };
		0AC427D616AB3D70009A4D07 /* README.md */ = {isa = PBXFileReference; fileEncoding = 4; lastKnownFileType = text; path = README.md; sourceTree = "<group>"; };
		0AC427D916AB3D70009A4D07 /* NSBundle+Venmo.h */ = {isa = PBXFileReference; fileEncoding = 4; lastKnownFileType = sourcecode.c.h; path = "NSBundle+Venmo.h"; sourceTree = "<group>"; };
		0AC427DA16AB3D70009A4D07 /* NSBundle+Venmo.m */ = {isa = PBXFileReference; fileEncoding = 4; lastKnownFileType = sourcecode.c.objc; path = "NSBundle+Venmo.m"; sourceTree = "<group>"; };
		0AC427DB16AB3D70009A4D07 /* NSDictionary+Venmo.h */ = {isa = PBXFileReference; fileEncoding = 4; lastKnownFileType = sourcecode.c.h; path = "NSDictionary+Venmo.h"; sourceTree = "<group>"; };
		0AC427DC16AB3D70009A4D07 /* NSDictionary+Venmo.m */ = {isa = PBXFileReference; fileEncoding = 4; lastKnownFileType = sourcecode.c.objc; path = "NSDictionary+Venmo.m"; sourceTree = "<group>"; };
		0AC427DD16AB3D70009A4D07 /* NSError+Venmo.h */ = {isa = PBXFileReference; fileEncoding = 4; lastKnownFileType = sourcecode.c.h; path = "NSError+Venmo.h"; sourceTree = "<group>"; };
		0AC427DE16AB3D70009A4D07 /* NSError+Venmo.m */ = {isa = PBXFileReference; fileEncoding = 4; lastKnownFileType = sourcecode.c.objc; path = "NSError+Venmo.m"; sourceTree = "<group>"; };
		0AC427DF16AB3D70009A4D07 /* NSString+Venmo.h */ = {isa = PBXFileReference; fileEncoding = 4; lastKnownFileType = sourcecode.c.h; path = "NSString+Venmo.h"; sourceTree = "<group>"; };
		0AC427E016AB3D70009A4D07 /* NSString+Venmo.m */ = {isa = PBXFileReference; fileEncoding = 4; lastKnownFileType = sourcecode.c.objc; path = "NSString+Venmo.m"; sourceTree = "<group>"; };
		0AC427E116AB3D70009A4D07 /* NSURL+Venmo.h */ = {isa = PBXFileReference; fileEncoding = 4; lastKnownFileType = sourcecode.c.h; path = "NSURL+Venmo.h"; sourceTree = "<group>"; };
		0AC427E216AB3D70009A4D07 /* NSURL+Venmo.m */ = {isa = PBXFileReference; fileEncoding = 4; lastKnownFileType = sourcecode.c.objc; path = "NSURL+Venmo.m"; sourceTree = "<group>"; };
		0AC427E316AB3D70009A4D07 /* VenmoActivityView.m */ = {isa = PBXFileReference; fileEncoding = 4; lastKnownFileType = sourcecode.c.objc; path = VenmoActivityView.m; sourceTree = "<group>"; };
		0AC427E416AB3D70009A4D07 /* VenmoActivityView_Internal.h */ = {isa = PBXFileReference; fileEncoding = 4; lastKnownFileType = sourcecode.c.h; path = VenmoActivityView_Internal.h; sourceTree = "<group>"; };
		0AC427E516AB3D70009A4D07 /* VenmoBase64.m */ = {isa = PBXFileReference; fileEncoding = 4; lastKnownFileType = sourcecode.c.objc; path = VenmoBase64.m; sourceTree = "<group>"; };
		0AC427E616AB3D70009A4D07 /* VenmoBase64_Internal.h */ = {isa = PBXFileReference; fileEncoding = 4; lastKnownFileType = sourcecode.c.h; path = VenmoBase64_Internal.h; sourceTree = "<group>"; };
		0AC427E716AB3D70009A4D07 /* VenmoClient_Internal.h */ = {isa = PBXFileReference; fileEncoding = 4; lastKnownFileType = sourcecode.c.h; path = VenmoClient_Internal.h; sourceTree = "<group>"; };
		0AC427E816AB3D70009A4D07 /* VenmoClient_Private.h */ = {isa = PBXFileReference; fileEncoding = 4; lastKnownFileType = sourcecode.c.h; path = VenmoClient_Private.h; sourceTree = "<group>"; };
		0AC427E916AB3D70009A4D07 /* VenmoDefines_Internal.h */ = {isa = PBXFileReference; fileEncoding = 4; lastKnownFileType = sourcecode.c.h; path = VenmoDefines_Internal.h; sourceTree = "<group>"; };
		0AC427EA16AB3D70009A4D07 /* VenmoHMAC_SHA256.m */ = {isa = PBXFileReference; fileEncoding = 4; lastKnownFileType = sourcecode.c.objc; path = VenmoHMAC_SHA256.m; sourceTree = "<group>"; };
		0AC427EB16AB3D70009A4D07 /* VenmoHMAC_SHA256_Internal.h */ = {isa = PBXFileReference; fileEncoding = 4; lastKnownFileType = sourcecode.c.h; path = VenmoHMAC_SHA256_Internal.h; sourceTree = "<group>"; };
		0AC427EC16AB3D70009A4D07 /* VenmoTransaction_Internal.h */ = {isa = PBXFileReference; fileEncoding = 4; lastKnownFileType = sourcecode.c.h; path = VenmoTransaction_Internal.h; sourceTree = "<group>"; };
		0AC427ED16AB3D70009A4D07 /* VenmoViewController_Internal.h */ = {isa = PBXFileReference; fileEncoding = 4; lastKnownFileType = sourcecode.c.h; path = VenmoViewController_Internal.h; sourceTree = "<group>"; };
		0AC427EF16AB3D70009A4D07 /* Venmo-Prefix.pch */ = {isa = PBXFileReference; fileEncoding = 4; lastKnownFileType = sourcecode.c.h; path = "Venmo-Prefix.pch"; sourceTree = "<group>"; };
		0AC427F016AB3D70009A4D07 /* Venmo.h */ = {isa = PBXFileReference; fileEncoding = 4; lastKnownFileType = sourcecode.c.h; path = Venmo.h; sourceTree = "<group>"; };
		0AC427F116AB3D70009A4D07 /* VenmoClient.h */ = {isa = PBXFileReference; fileEncoding = 4; lastKnownFileType = sourcecode.c.h; path = VenmoClient.h; sourceTree = "<group>"; };
		0AC427F216AB3D70009A4D07 /* VenmoClient.m */ = {isa = PBXFileReference; fileEncoding = 4; lastKnownFileType = sourcecode.c.objc; path = VenmoClient.m; sourceTree = "<group>"; };
		0AC427F316AB3D70009A4D07 /* VenmoErrors.h */ = {isa = PBXFileReference; fileEncoding = 4; lastKnownFileType = sourcecode.c.h; path = VenmoErrors.h; sourceTree = "<group>"; };
		0AC427F416AB3D70009A4D07 /* VenmoErrors.m */ = {isa = PBXFileReference; fileEncoding = 4; lastKnownFileType = sourcecode.c.objc; path = VenmoErrors.m; sourceTree = "<group>"; };
		0AC427F516AB3D70009A4D07 /* VenmoTransaction.h */ = {isa = PBXFileReference; fileEncoding = 4; lastKnownFileType = sourcecode.c.h; path = VenmoTransaction.h; sourceTree = "<group>"; };
		0AC427F616AB3D70009A4D07 /* VenmoTransaction.m */ = {isa = PBXFileReference; fileEncoding = 4; lastKnownFileType = sourcecode.c.objc; path = VenmoTransaction.m; sourceTree = "<group>"; };
		0AC427F716AB3D70009A4D07 /* VenmoViewController.h */ = {isa = PBXFileReference; fileEncoding = 4; lastKnownFileType = sourcecode.c.h; path = VenmoViewController.h; sourceTree = "<group>"; };
		0AC427F816AB3D70009A4D07 /* VenmoViewController.m */ = {isa = PBXFileReference; fileEncoding = 4; lastKnownFileType = sourcecode.c.objc; path = VenmoViewController.m; sourceTree = "<group>"; };
		0AC427F916AB3D70009A4D07 /* Venmo.xcodeproj */ = {isa = PBXFileReference; lastKnownFileType = "wrapper.pb-project"; path = Venmo.xcodeproj; sourceTree = "<group>"; };
		0AC427FD16AB3D70009A4D07 /* AppDelegate.h */ = {isa = PBXFileReference; fileEncoding = 4; lastKnownFileType = sourcecode.c.h; path = AppDelegate.h; sourceTree = "<group>"; };
		0AC427FE16AB3D70009A4D07 /* AppDelegate.m */ = {isa = PBXFileReference; fileEncoding = 4; lastKnownFileType = sourcecode.c.objc; path = AppDelegate.m; sourceTree = "<group>"; };
		0AC4280016AB3D70009A4D07 /* main.m */ = {isa = PBXFileReference; fileEncoding = 4; lastKnownFileType = sourcecode.c.objc; path = main.m; sourceTree = "<group>"; };
		0AC4280116AB3D70009A4D07 /* VenmoApp-Info.plist */ = {isa = PBXFileReference; fileEncoding = 4; lastKnownFileType = text.plist.xml; path = "VenmoApp-Info.plist"; sourceTree = "<group>"; };
		0AC4280216AB3D70009A4D07 /* VenmoApp-Prefix.pch */ = {isa = PBXFileReference; fileEncoding = 4; lastKnownFileType = sourcecode.c.h; path = "VenmoApp-Prefix.pch"; sourceTree = "<group>"; };
		0AC4280316AB3D70009A4D07 /* WelcomeViewController.h */ = {isa = PBXFileReference; fileEncoding = 4; lastKnownFileType = sourcecode.c.h; path = WelcomeViewController.h; sourceTree = "<group>"; };
		0AC4280416AB3D70009A4D07 /* WelcomeViewController.m */ = {isa = PBXFileReference; fileEncoding = 4; lastKnownFileType = sourcecode.c.objc; path = WelcomeViewController.m; sourceTree = "<group>"; };
		0AC4280616AB3D70009A4D07 /* NSDictionarySpecs.m */ = {isa = PBXFileReference; fileEncoding = 4; lastKnownFileType = sourcecode.c.objc; path = NSDictionarySpecs.m; sourceTree = "<group>"; };
		0AC4280716AB3D70009A4D07 /* NSStringSpecs.m */ = {isa = PBXFileReference; fileEncoding = 4; lastKnownFileType = sourcecode.c.objc; path = NSStringSpecs.m; sourceTree = "<group>"; };
		0AC4280916AB3D70009A4D07 /* NSInvocation+SpecMethodPrefix.m */ = {isa = PBXFileReference; fileEncoding = 4; lastKnownFileType = sourcecode.c.objc; path = "NSInvocation+SpecMethodPrefix.m"; sourceTree = "<group>"; };
		0AC4280A16AB3D70009A4D07 /* VenmoSpecs-Prefix.pch */ = {isa = PBXFileReference; fileEncoding = 4; lastKnownFileType = sourcecode.c.h; path = "VenmoSpecs-Prefix.pch"; sourceTree = "<group>"; };
		0AC4280B16AB3D70009A4D07 /* VenmoSpecs.h */ = {isa = PBXFileReference; fileEncoding = 4; lastKnownFileType = sourcecode.c.h; path = VenmoSpecs.h; sourceTree = "<group>"; };
		0AC4280C16AB3D70009A4D07 /* VenmoSpecsSpecs.m */ = {isa = PBXFileReference; fileEncoding = 4; lastKnownFileType = sourcecode.c.objc; path = VenmoSpecsSpecs.m; sourceTree = "<group>"; };
		0AC4280D16AB3D70009A4D07 /* VenmoBase64Specs.m */ = {isa = PBXFileReference; fileEncoding = 4; lastKnownFileType = sourcecode.c.objc; path = VenmoBase64Specs.m; sourceTree = "<group>"; };
		0AC4280E16AB3D70009A4D07 /* VenmoClientSpecs.m */ = {isa = PBXFileReference; fileEncoding = 4; lastKnownFileType = sourcecode.c.objc; path = VenmoClientSpecs.m; sourceTree = "<group>"; };
		0AC4280F16AB3D70009A4D07 /* VenmoTransactionSpecs.m */ = {isa = PBXFileReference; fileEncoding = 4; lastKnownFileType = sourcecode.c.objc; path = VenmoTransactionSpecs.m; sourceTree = "<group>"; };
		0AC4281016AB3D70009A4D07 /* VenmoViewControllerSpecs.m */ = {isa = PBXFileReference; fileEncoding = 4; lastKnownFileType = sourcecode.c.objc; path = VenmoViewControllerSpecs.m; sourceTree = "<group>"; };
		27492C8C16AA3F430095A442 /* Spur.app */ = {isa = PBXFileReference; explicitFileType = wrapper.application; includeInIndex = 0; path = Spur.app; sourceTree = BUILT_PRODUCTS_DIR; };
		27492C9016AA3F430095A442 /* UIKit.framework */ = {isa = PBXFileReference; lastKnownFileType = wrapper.framework; name = UIKit.framework; path = System/Library/Frameworks/UIKit.framework; sourceTree = SDKROOT; };
		27492C9216AA3F430095A442 /* Foundation.framework */ = {isa = PBXFileReference; lastKnownFileType = wrapper.framework; name = Foundation.framework; path = System/Library/Frameworks/Foundation.framework; sourceTree = SDKROOT; };
		27492C9416AA3F430095A442 /* CoreGraphics.framework */ = {isa = PBXFileReference; lastKnownFileType = wrapper.framework; name = CoreGraphics.framework; path = System/Library/Frameworks/CoreGraphics.framework; sourceTree = SDKROOT; };
		27492C9816AA3F430095A442 /* Spur-Info.plist */ = {isa = PBXFileReference; lastKnownFileType = text.plist.xml; path = "Spur-Info.plist"; sourceTree = "<group>"; };
		27492C9A16AA3F430095A442 /* en */ = {isa = PBXFileReference; lastKnownFileType = text.plist.strings; name = en; path = en.lproj/InfoPlist.strings; sourceTree = "<group>"; };
		27492C9C16AA3F430095A442 /* main.m */ = {isa = PBXFileReference; lastKnownFileType = sourcecode.c.objc; path = main.m; sourceTree = "<group>"; };
		27492C9E16AA3F430095A442 /* Spur-Prefix.pch */ = {isa = PBXFileReference; lastKnownFileType = sourcecode.c.h; path = "Spur-Prefix.pch"; sourceTree = "<group>"; };
		27492C9F16AA3F430095A442 /* SpurAppDelegate.h */ = {isa = PBXFileReference; lastKnownFileType = sourcecode.c.h; path = SpurAppDelegate.h; sourceTree = "<group>"; };
		27492CA016AA3F430095A442 /* SpurAppDelegate.m */ = {isa = PBXFileReference; lastKnownFileType = sourcecode.c.objc; path = SpurAppDelegate.m; sourceTree = "<group>"; };
		27492CA216AA3F430095A442 /* Default.png */ = {isa = PBXFileReference; lastKnownFileType = image.png; path = Default.png; sourceTree = "<group>"; };
		27492CA416AA3F430095A442 /* Default@2x.png */ = {isa = PBXFileReference; lastKnownFileType = image.png; path = "Default@2x.png"; sourceTree = "<group>"; };
		27492CA616AA3F430095A442 /* Default-568h@2x.png */ = {isa = PBXFileReference; lastKnownFileType = image.png; path = "Default-568h@2x.png"; sourceTree = "<group>"; };
		27492CA916AA3F430095A442 /* en */ = {isa = PBXFileReference; lastKnownFileType = file.storyboard; name = en; path = en.lproj/MainStoryboard.storyboard; sourceTree = "<group>"; };
		27492CBF16AA42EB0095A442 /* SpurMakeRequestViewController.h */ = {isa = PBXFileReference; fileEncoding = 4; lastKnownFileType = sourcecode.c.h; path = SpurMakeRequestViewController.h; sourceTree = "<group>"; };
		27492CC016AA42EB0095A442 /* SpurMakeRequestViewController.m */ = {isa = PBXFileReference; fileEncoding = 4; lastKnownFileType = sourcecode.c.objc; path = SpurMakeRequestViewController.m; sourceTree = "<group>"; };
		27492CC816AA446C0095A442 /* SpurIncomingOffersTableViewController.h */ = {isa = PBXFileReference; fileEncoding = 4; lastKnownFileType = sourcecode.c.h; path = SpurIncomingOffersTableViewController.h; sourceTree = "<group>"; };
		27492CC916AA446C0095A442 /* SpurIncomingOffersTableViewController.m */ = {isa = PBXFileReference; fileEncoding = 4; lastKnownFileType = sourcecode.c.objc; path = SpurIncomingOffersTableViewController.m; sourceTree = "<group>"; };
		27492CCB16AA449B0095A442 /* SpurIncomingRequestsTableViewController.h */ = {isa = PBXFileReference; fileEncoding = 4; lastKnownFileType = sourcecode.c.h; path = SpurIncomingRequestsTableViewController.h; sourceTree = "<group>"; };
		27492CCC16AA449B0095A442 /* SpurIncomingRequestsTableViewController.m */ = {isa = PBXFileReference; fileEncoding = 4; lastKnownFileType = sourcecode.c.objc; path = SpurIncomingRequestsTableViewController.m; sourceTree = "<group>"; };
		27492CCE16AA49140095A442 /* SpurExpandedIncomingRequestViewController.h */ = {isa = PBXFileReference; fileEncoding = 4; lastKnownFileType = sourcecode.c.h; path = SpurExpandedIncomingRequestViewController.h; sourceTree = "<group>"; };
		27492CCF16AA49140095A442 /* SpurExpandedIncomingRequestViewController.m */ = {isa = PBXFileReference; fileEncoding = 4; lastKnownFileType = sourcecode.c.objc; path = SpurExpandedIncomingRequestViewController.m; sourceTree = "<group>"; };
		27492CD716AA4B330095A442 /* SpurExpandedIncomingOfferViewController.h */ = {isa = PBXFileReference; fileEncoding = 4; lastKnownFileType = sourcecode.c.h; path = SpurExpandedIncomingOfferViewController.h; sourceTree = "<group>"; };
		27492CD816AA4B330095A442 /* SpurExpandedIncomingOfferViewController.m */ = {isa = PBXFileReference; fileEncoding = 4; lastKnownFileType = sourcecode.c.objc; path = SpurExpandedIncomingOfferViewController.m; sourceTree = "<group>"; };
		27492CDA16AA4BC40095A442 /* SpurExpandedPendingPaymentViewController.h */ = {isa = PBXFileReference; fileEncoding = 4; lastKnownFileType = sourcecode.c.h; path = SpurExpandedPendingPaymentViewController.h; sourceTree = "<group>"; };
		27492CDB16AA4BC40095A442 /* SpurExpandedPendingPaymentViewController.m */ = {isa = PBXFileReference; fileEncoding = 4; lastKnownFileType = sourcecode.c.objc; path = SpurExpandedPendingPaymentViewController.m; sourceTree = "<group>"; };
		27492CDD16AA4C3B0095A442 /* SpurMakePaymentViewController.h */ = {isa = PBXFileReference; fileEncoding = 4; lastKnownFileType = sourcecode.c.h; path = SpurMakePaymentViewController.h; sourceTree = "<group>"; };
		27492CDE16AA4C3B0095A442 /* SpurMakePaymentViewController.m */ = {isa = PBXFileReference; fileEncoding = 4; lastKnownFileType = sourcecode.c.objc; path = SpurMakePaymentViewController.m; sourceTree = "<group>"; };
		27492CEE16AA60A70095A442 /* SpurPendingPaymentsTableViewController.m */ = {isa = PBXFileReference; fileEncoding = 4; lastKnownFileType = sourcecode.c.objc; path = SpurPendingPaymentsTableViewController.m; sourceTree = "<group>"; };
		27492CF116AA63D70095A442 /* SpurPendingPaymentsTableViewController.h */ = {isa = PBXFileReference; fileEncoding = 4; lastKnownFileType = sourcecode.c.h; path = SpurPendingPaymentsTableViewController.h; sourceTree = "<group>"; };
		27492CF216AA645E0095A442 /* SpurOutgoingOffersTableViewController.h */ = {isa = PBXFileReference; fileEncoding = 4; lastKnownFileType = sourcecode.c.h; path = SpurOutgoingOffersTableViewController.h; sourceTree = "<group>"; };
		27492CF316AA645E0095A442 /* SpurOutgoingOffersTableViewController.m */ = {isa = PBXFileReference; fileEncoding = 4; lastKnownFileType = sourcecode.c.objc; path = SpurOutgoingOffersTableViewController.m; sourceTree = "<group>"; };
		27492CFD16AA668E0095A442 /* SpurOutgoingRequestsViewController.h */ = {isa = PBXFileReference; fileEncoding = 4; lastKnownFileType = sourcecode.c.h; path = SpurOutgoingRequestsViewController.h; sourceTree = "<group>"; };
		27492CFE16AA668E0095A442 /* SpurOutgoingRequestsViewController.m */ = {isa = PBXFileReference; fileEncoding = 4; lastKnownFileType = sourcecode.c.objc; path = SpurOutgoingRequestsViewController.m; sourceTree = "<group>"; };
		27492D0A16AA6A970095A442 /* SpurExpandedOutgoingOfferViewController.h */ = {isa = PBXFileReference; fileEncoding = 4; lastKnownFileType = sourcecode.c.h; path = SpurExpandedOutgoingOfferViewController.h; sourceTree = "<group>"; };
		27492D0B16AA6A970095A442 /* SpurExpandedOutgoingOfferViewController.m */ = {isa = PBXFileReference; fileEncoding = 4; lastKnownFileType = sourcecode.c.objc; path = SpurExpandedOutgoingOfferViewController.m; sourceTree = "<group>"; };
		27492D0F16AA6BC70095A442 /* SpurExpandedOutgoingRequestViewController.h */ = {isa = PBXFileReference; fileEncoding = 4; lastKnownFileType = sourcecode.c.h; path = SpurExpandedOutgoingRequestViewController.h; sourceTree = "<group>"; };
		27492D1016AA6BC70095A442 /* SpurExpandedOutgoingRequestViewController.m */ = {isa = PBXFileReference; fileEncoding = 4; lastKnownFileType = sourcecode.c.objc; path = SpurExpandedOutgoingRequestViewController.m; sourceTree = "<group>"; };
		27492D3E16AB284C0095A442 /* AVFoundation.framework */ = {isa = PBXFileReference; lastKnownFileType = wrapper.framework; name = AVFoundation.framework; path = System/Library/Frameworks/AVFoundation.framework; sourceTree = SDKROOT; };
		27492D4216AB2C2C0095A442 /* btn_back@2x.png */ = {isa = PBXFileReference; lastKnownFileType = image.png; path = "btn_back@2x.png"; sourceTree = "<group>"; };
		27492D4316AB2C2C0095A442 /* btn_camera@2x.png */ = {isa = PBXFileReference; lastKnownFileType = image.png; path = "btn_camera@2x.png"; sourceTree = "<group>"; };
		27492D4416AB2C2C0095A442 /* btn_check@2x.png */ = {isa = PBXFileReference; lastKnownFileType = image.png; path = "btn_check@2x.png"; sourceTree = "<group>"; };
		27492D4516AB2C2C0095A442 /* btn_x@2x.png */ = {isa = PBXFileReference; lastKnownFileType = image.png; path = "btn_x@2x.png"; sourceTree = "<group>"; };
		27492D4616AB2C2C0095A442 /* Camera_hidefilters@2x.png */ = {isa = PBXFileReference; lastKnownFileType = image.png; path = "Camera_hidefilters@2x.png"; sourceTree = "<group>"; };
		27492D4716AB2C2C0095A442 /* Camera_showfilters@2x.png */ = {isa = PBXFileReference; lastKnownFileType = image.png; path = "Camera_showfilters@2x.png"; sourceTree = "<group>"; };
		27492D4816AB2C2C0095A442 /* Camera_thumb@2x.png */ = {isa = PBXFileReference; lastKnownFileType = image.png; path = "Camera_thumb@2x.png"; sourceTree = "<group>"; };
		27492D4916AB2C2C0095A442 /* Filters_Background@2x.png */ = {isa = PBXFileReference; lastKnownFileType = image.png; path = "Filters_Background@2x.png"; sourceTree = "<group>"; };
/* End PBXFileReference section */

/* Begin PBXFrameworksBuildPhase section */
		27492C8916AA3F430095A442 /* Frameworks */ = {
			isa = PBXFrameworksBuildPhase;
			buildActionMask = 2147483647;
			files = (
<<<<<<< HEAD
				27492D3F16AB284C0095A442 /* AVFoundation.framework in Frameworks */,
=======
				0AC4283A16AB3DE0009A4D07 /* libVenmo.a in Frameworks */,
>>>>>>> 361ac4b5a9325845afb12198bccb6ff2caffe491
				0AC4274216AACC2F009A4D07 /* Security.framework in Frameworks */,
				0A54562716AAA5D60023C944 /* libQuickDialog.a in Frameworks */,
				0A54561516AAA52A0023C944 /* CoreLocation.framework in Frameworks */,
				0A54561316AAA5240023C944 /* MapKit.framework in Frameworks */,
				27492C9116AA3F430095A442 /* UIKit.framework in Frameworks */,
				27492C9316AA3F430095A442 /* Foundation.framework in Frameworks */,
				27492C9516AA3F430095A442 /* CoreGraphics.framework in Frameworks */,
				0A54557A16AA509B0023C944 /* WindowsAzureMobileServices.framework in Frameworks */,
			);
			runOnlyForDeploymentPostprocessing = 0;
		};
/* End PBXFrameworksBuildPhase section */

/* Begin PBXGroup section */
		0A54561716AAA5440023C944 /* Products */ = {
			isa = PBXGroup;
			children = (
				0A54562016AAA5440023C944 /* QuickDialogExample.app */,
				0A54562216AAA5440023C944 /* libQuickDialog.a */,
			);
			name = Products;
			sourceTree = "<group>";
		};
		0AC427CF16AB3D70009A4D07 /* Libraries */ = {
			isa = PBXGroup;
			children = (
				0AC427D016AB3D70009A4D07 /* Venmo */,
			);
			path = Libraries;
			sourceTree = "<group>";
		};
		0AC427D016AB3D70009A4D07 /* Venmo */ = {
			isa = PBXGroup;
			children = (
				0AC427D116AB3D70009A4D07 /* .gitignore */,
				0AC427D216AB3D70009A4D07 /* .gitmodules */,
				0AC427D316AB3D70009A4D07 /* Libraries */,
				0AC427D616AB3D70009A4D07 /* README.md */,
				0AC427D716AB3D70009A4D07 /* Venmo */,
				0AC427F916AB3D70009A4D07 /* Venmo.xcodeproj */,
				0AC427FC16AB3D70009A4D07 /* VenmoApp */,
				0AC4280516AB3D70009A4D07 /* VenmoSpecs */,
			);
			path = Venmo;
			sourceTree = "<group>";
		};
		0AC427D316AB3D70009A4D07 /* Libraries */ = {
			isa = PBXGroup;
			children = (
				0AC427D416AB3D70009A4D07 /* JSONKit */,
				0AC427D516AB3D70009A4D07 /* Kiwi */,
			);
			path = Libraries;
			sourceTree = "<group>";
		};
		0AC427D416AB3D70009A4D07 /* JSONKit */ = {
			isa = PBXGroup;
			children = (
			);
			path = JSONKit;
			sourceTree = "<group>";
		};
		0AC427D516AB3D70009A4D07 /* Kiwi */ = {
			isa = PBXGroup;
			children = (
			);
			path = Kiwi;
			sourceTree = "<group>";
		};
		0AC427D716AB3D70009A4D07 /* Venmo */ = {
			isa = PBXGroup;
			children = (
				0AC427D816AB3D70009A4D07 /* Private */,
				0AC427EE16AB3D70009A4D07 /* Supporting Files */,
				0AC427F016AB3D70009A4D07 /* Venmo.h */,
				0AC427F116AB3D70009A4D07 /* VenmoClient.h */,
				0AC427F216AB3D70009A4D07 /* VenmoClient.m */,
				0AC427F316AB3D70009A4D07 /* VenmoErrors.h */,
				0AC427F416AB3D70009A4D07 /* VenmoErrors.m */,
				0AC427F516AB3D70009A4D07 /* VenmoTransaction.h */,
				0AC427F616AB3D70009A4D07 /* VenmoTransaction.m */,
				0AC427F716AB3D70009A4D07 /* VenmoViewController.h */,
				0AC427F816AB3D70009A4D07 /* VenmoViewController.m */,
			);
			path = Venmo;
			sourceTree = "<group>";
		};
		0AC427D816AB3D70009A4D07 /* Private */ = {
			isa = PBXGroup;
			children = (
				0AC427D916AB3D70009A4D07 /* NSBundle+Venmo.h */,
				0AC427DA16AB3D70009A4D07 /* NSBundle+Venmo.m */,
				0AC427DB16AB3D70009A4D07 /* NSDictionary+Venmo.h */,
				0AC427DC16AB3D70009A4D07 /* NSDictionary+Venmo.m */,
				0AC427DD16AB3D70009A4D07 /* NSError+Venmo.h */,
				0AC427DE16AB3D70009A4D07 /* NSError+Venmo.m */,
				0AC427DF16AB3D70009A4D07 /* NSString+Venmo.h */,
				0AC427E016AB3D70009A4D07 /* NSString+Venmo.m */,
				0AC427E116AB3D70009A4D07 /* NSURL+Venmo.h */,
				0AC427E216AB3D70009A4D07 /* NSURL+Venmo.m */,
				0AC427E316AB3D70009A4D07 /* VenmoActivityView.m */,
				0AC427E416AB3D70009A4D07 /* VenmoActivityView_Internal.h */,
				0AC427E516AB3D70009A4D07 /* VenmoBase64.m */,
				0AC427E616AB3D70009A4D07 /* VenmoBase64_Internal.h */,
				0AC427E716AB3D70009A4D07 /* VenmoClient_Internal.h */,
				0AC427E816AB3D70009A4D07 /* VenmoClient_Private.h */,
				0AC427E916AB3D70009A4D07 /* VenmoDefines_Internal.h */,
				0AC427EA16AB3D70009A4D07 /* VenmoHMAC_SHA256.m */,
				0AC427EB16AB3D70009A4D07 /* VenmoHMAC_SHA256_Internal.h */,
				0AC427EC16AB3D70009A4D07 /* VenmoTransaction_Internal.h */,
				0AC427ED16AB3D70009A4D07 /* VenmoViewController_Internal.h */,
			);
			path = Private;
			sourceTree = "<group>";
		};
		0AC427EE16AB3D70009A4D07 /* Supporting Files */ = {
			isa = PBXGroup;
			children = (
				0AC427EF16AB3D70009A4D07 /* Venmo-Prefix.pch */,
			);
			path = "Supporting Files";
			sourceTree = "<group>";
		};
		0AC427FA16AB3D70009A4D07 /* Products */ = {
			isa = PBXGroup;
			children = (
				0AC4283516AB3D71009A4D07 /* libVenmo.a */,
				0AC4283716AB3D71009A4D07 /* VenmoApp.app */,
				0AC4283916AB3D71009A4D07 /* VenmoSpecs.octest */,
			);
			name = Products;
			sourceTree = "<group>";
		};
		0AC427FC16AB3D70009A4D07 /* VenmoApp */ = {
			isa = PBXGroup;
			children = (
				0AC427FD16AB3D70009A4D07 /* AppDelegate.h */,
				0AC427FE16AB3D70009A4D07 /* AppDelegate.m */,
				0AC427FF16AB3D70009A4D07 /* Supporting Files */,
				0AC4280316AB3D70009A4D07 /* WelcomeViewController.h */,
				0AC4280416AB3D70009A4D07 /* WelcomeViewController.m */,
			);
			path = VenmoApp;
			sourceTree = "<group>";
		};
		0AC427FF16AB3D70009A4D07 /* Supporting Files */ = {
			isa = PBXGroup;
			children = (
				0AC4280016AB3D70009A4D07 /* main.m */,
				0AC4280116AB3D70009A4D07 /* VenmoApp-Info.plist */,
				0AC4280216AB3D70009A4D07 /* VenmoApp-Prefix.pch */,
			);
			path = "Supporting Files";
			sourceTree = "<group>";
		};
		0AC4280516AB3D70009A4D07 /* VenmoSpecs */ = {
			isa = PBXGroup;
			children = (
				0AC4280616AB3D70009A4D07 /* NSDictionarySpecs.m */,
				0AC4280716AB3D70009A4D07 /* NSStringSpecs.m */,
				0AC4280816AB3D70009A4D07 /* Supporting Files */,
				0AC4280D16AB3D70009A4D07 /* VenmoBase64Specs.m */,
				0AC4280E16AB3D70009A4D07 /* VenmoClientSpecs.m */,
				0AC4280F16AB3D70009A4D07 /* VenmoTransactionSpecs.m */,
				0AC4281016AB3D70009A4D07 /* VenmoViewControllerSpecs.m */,
			);
			path = VenmoSpecs;
			sourceTree = "<group>";
		};
		0AC4280816AB3D70009A4D07 /* Supporting Files */ = {
			isa = PBXGroup;
			children = (
				0AC4280916AB3D70009A4D07 /* NSInvocation+SpecMethodPrefix.m */,
				0AC4280A16AB3D70009A4D07 /* VenmoSpecs-Prefix.pch */,
				0AC4280B16AB3D70009A4D07 /* VenmoSpecs.h */,
				0AC4280C16AB3D70009A4D07 /* VenmoSpecsSpecs.m */,
			);
			path = "Supporting Files";
			sourceTree = "<group>";
		};
		27492C8116AA3F430095A442 = {
			isa = PBXGroup;
			children = (
<<<<<<< HEAD
				27492D3E16AB284C0095A442 /* AVFoundation.framework */,
=======
				0AC427CF16AB3D70009A4D07 /* Libraries */,
>>>>>>> 361ac4b5a9325845afb12198bccb6ff2caffe491
				0AC4274116AACC2F009A4D07 /* Security.framework */,
				27492C9616AA3F430095A442 /* Spur */,
				27492C8F16AA3F430095A442 /* Frameworks */,
				27492C8D16AA3F430095A442 /* Products */,
			);
			sourceTree = "<group>";
		};
		27492C8D16AA3F430095A442 /* Products */ = {
			isa = PBXGroup;
			children = (
				27492C8C16AA3F430095A442 /* Spur.app */,
			);
			name = Products;
			sourceTree = "<group>";
		};
		27492C8F16AA3F430095A442 /* Frameworks */ = {
			isa = PBXGroup;
			children = (
				0A54561416AAA52A0023C944 /* CoreLocation.framework */,
				0A54561216AAA5240023C944 /* MapKit.framework */,
				0A54561616AAA5440023C944 /* QuickDialog.xcodeproj */,
				0A54557916AA509B0023C944 /* WindowsAzureMobileServices.framework */,
				27492C9016AA3F430095A442 /* UIKit.framework */,
				27492C9216AA3F430095A442 /* Foundation.framework */,
				27492C9416AA3F430095A442 /* CoreGraphics.framework */,
			);
			name = Frameworks;
			sourceTree = "<group>";
		};
		27492C9616AA3F430095A442 /* Spur */ = {
			isa = PBXGroup;
			children = (
				27492D4016AB2BD80095A442 /* Images */,
				0AC4274516AACCA8009A4D07 /* KeychainItemWrapper.h */,
				0AC4274616AACCA8009A4D07 /* KeychainItemWrapper.m */,
				0A54560B16AA7F620023C944 /* SpurService.h */,
				0A54560C16AA7F620023C944 /* SpurService.m */,
				27492CA816AA3F430095A442 /* MainStoryboard.storyboard */,
				27492D0916AA69940095A442 /* Views */,
				27492C9F16AA3F430095A442 /* SpurAppDelegate.h */,
				27492CA016AA3F430095A442 /* SpurAppDelegate.m */,
				27492C9716AA3F430095A442 /* Supporting Files */,
			);
			path = Spur;
			sourceTree = "<group>";
		};
		27492C9716AA3F430095A442 /* Supporting Files */ = {
			isa = PBXGroup;
			children = (
				27492C9816AA3F430095A442 /* Spur-Info.plist */,
				27492C9916AA3F430095A442 /* InfoPlist.strings */,
				27492C9C16AA3F430095A442 /* main.m */,
				27492C9E16AA3F430095A442 /* Spur-Prefix.pch */,
				27492CA216AA3F430095A442 /* Default.png */,
				27492CA416AA3F430095A442 /* Default@2x.png */,
				27492CA616AA3F430095A442 /* Default-568h@2x.png */,
			);
			name = "Supporting Files";
			sourceTree = "<group>";
		};
		27492CF616AA64EB0095A442 /* Tab View */ = {
			isa = PBXGroup;
			children = (
				27492D0416AA686F0095A442 /* Make Request */,
				27492CF716AA64F80095A442 /* Incoming Requests */,
				27492CF816AA65330095A442 /* Outgoing Requests */,
				27492CFA16AA65740095A442 /* Outgoing Offers */,
				27492CFC16AA65850095A442 /* Pending Payments */,
			);
			name = "Tab View";
			sourceTree = "<group>";
		};
		27492CF716AA64F80095A442 /* Incoming Requests */ = {
			isa = PBXGroup;
			children = (
				27492CCB16AA449B0095A442 /* SpurIncomingRequestsTableViewController.h */,
				27492CCC16AA449B0095A442 /* SpurIncomingRequestsTableViewController.m */,
				27492CCE16AA49140095A442 /* SpurExpandedIncomingRequestViewController.h */,
				27492CCF16AA49140095A442 /* SpurExpandedIncomingRequestViewController.m */,
			);
			name = "Incoming Requests";
			sourceTree = "<group>";
		};
		27492CF816AA65330095A442 /* Outgoing Requests */ = {
			isa = PBXGroup;
			children = (
				27492CFD16AA668E0095A442 /* SpurOutgoingRequestsViewController.h */,
				27492CFE16AA668E0095A442 /* SpurOutgoingRequestsViewController.m */,
				27492D0E16AA6B910095A442 /* Expanded Outgoing Request */,
				27492CF916AA655A0095A442 /* Incoming Offers */,
			);
			name = "Outgoing Requests";
			sourceTree = "<group>";
		};
		27492CF916AA655A0095A442 /* Incoming Offers */ = {
			isa = PBXGroup;
			children = (
				27492CC816AA446C0095A442 /* SpurIncomingOffersTableViewController.h */,
				27492CC916AA446C0095A442 /* SpurIncomingOffersTableViewController.m */,
				27492CD716AA4B330095A442 /* SpurExpandedIncomingOfferViewController.h */,
				27492CD816AA4B330095A442 /* SpurExpandedIncomingOfferViewController.m */,
			);
			name = "Incoming Offers";
			sourceTree = "<group>";
		};
		27492CFA16AA65740095A442 /* Outgoing Offers */ = {
			isa = PBXGroup;
			children = (
				27492CF216AA645E0095A442 /* SpurOutgoingOffersTableViewController.h */,
				27492CF316AA645E0095A442 /* SpurOutgoingOffersTableViewController.m */,
				27492D0D16AA6A9C0095A442 /* Expanded Outgoing Offer */,
			);
			name = "Outgoing Offers";
			sourceTree = "<group>";
		};
		27492CFC16AA65850095A442 /* Pending Payments */ = {
			isa = PBXGroup;
			children = (
				27492CF116AA63D70095A442 /* SpurPendingPaymentsTableViewController.h */,
				27492CEE16AA60A70095A442 /* SpurPendingPaymentsTableViewController.m */,
				27492CDD16AA4C3B0095A442 /* SpurMakePaymentViewController.h */,
				27492CDE16AA4C3B0095A442 /* SpurMakePaymentViewController.m */,
				27492D0616AA69570095A442 /* Expanded Pending Payment */,
			);
			name = "Pending Payments";
			sourceTree = "<group>";
		};
		27492D0416AA686F0095A442 /* Make Request */ = {
			isa = PBXGroup;
			children = (
				27492CBF16AA42EB0095A442 /* SpurMakeRequestViewController.h */,
				27492CC016AA42EB0095A442 /* SpurMakeRequestViewController.m */,
			);
			name = "Make Request";
			sourceTree = "<group>";
		};
		27492D0616AA69570095A442 /* Expanded Pending Payment */ = {
			isa = PBXGroup;
			children = (
				27492CDA16AA4BC40095A442 /* SpurExpandedPendingPaymentViewController.h */,
				27492CDB16AA4BC40095A442 /* SpurExpandedPendingPaymentViewController.m */,
			);
			name = "Expanded Pending Payment";
			sourceTree = "<group>";
		};
		27492D0916AA69940095A442 /* Views */ = {
			isa = PBXGroup;
			children = (
				27492CF616AA64EB0095A442 /* Tab View */,
			);
			name = Views;
			sourceTree = "<group>";
		};
		27492D0D16AA6A9C0095A442 /* Expanded Outgoing Offer */ = {
			isa = PBXGroup;
			children = (
				27492D0A16AA6A970095A442 /* SpurExpandedOutgoingOfferViewController.h */,
				27492D0B16AA6A970095A442 /* SpurExpandedOutgoingOfferViewController.m */,
			);
			name = "Expanded Outgoing Offer";
			sourceTree = "<group>";
		};
		27492D0E16AA6B910095A442 /* Expanded Outgoing Request */ = {
			isa = PBXGroup;
			children = (
				27492D0F16AA6BC70095A442 /* SpurExpandedOutgoingRequestViewController.h */,
				27492D1016AA6BC70095A442 /* SpurExpandedOutgoingRequestViewController.m */,
			);
			name = "Expanded Outgoing Request";
			sourceTree = "<group>";
		};
		27492D4016AB2BD80095A442 /* Images */ = {
			isa = PBXGroup;
			children = (
				27492D4116AB2C2C0095A442 /* Camera Page */,
			);
			name = Images;
			sourceTree = "<group>";
		};
		27492D4116AB2C2C0095A442 /* Camera Page */ = {
			isa = PBXGroup;
			children = (
				27492D4216AB2C2C0095A442 /* btn_back@2x.png */,
				27492D4316AB2C2C0095A442 /* btn_camera@2x.png */,
				27492D4416AB2C2C0095A442 /* btn_check@2x.png */,
				27492D4516AB2C2C0095A442 /* btn_x@2x.png */,
				27492D4616AB2C2C0095A442 /* Camera_hidefilters@2x.png */,
				27492D4716AB2C2C0095A442 /* Camera_showfilters@2x.png */,
				27492D4816AB2C2C0095A442 /* Camera_thumb@2x.png */,
				27492D4916AB2C2C0095A442 /* Filters_Background@2x.png */,
			);
			name = "Camera Page";
			path = "Images/Camera Page";
			sourceTree = "<group>";
		};
/* End PBXGroup section */

/* Begin PBXNativeTarget section */
		27492C8B16AA3F430095A442 /* Spur */ = {
			isa = PBXNativeTarget;
			buildConfigurationList = 27492CB016AA3F430095A442 /* Build configuration list for PBXNativeTarget "Spur" */;
			buildPhases = (
				27492C8816AA3F430095A442 /* Sources */,
				27492C8916AA3F430095A442 /* Frameworks */,
				27492C8A16AA3F430095A442 /* Resources */,
			);
			buildRules = (
			);
			dependencies = (
				0A54562616AAA5CD0023C944 /* PBXTargetDependency */,
			);
			name = Spur;
			productName = Spur;
			productReference = 27492C8C16AA3F430095A442 /* Spur.app */;
			productType = "com.apple.product-type.application";
		};
/* End PBXNativeTarget section */

/* Begin PBXProject section */
		27492C8316AA3F430095A442 /* Project object */ = {
			isa = PBXProject;
			attributes = {
				CLASSPREFIX = Spur;
				LastUpgradeCheck = 0450;
				ORGANIZATIONNAME = "Mike Verderese";
			};
			buildConfigurationList = 27492C8616AA3F430095A442 /* Build configuration list for PBXProject "Spur" */;
			compatibilityVersion = "Xcode 3.2";
			developmentRegion = English;
			hasScannedForEncodings = 0;
			knownRegions = (
				en,
			);
			mainGroup = 27492C8116AA3F430095A442;
			productRefGroup = 27492C8D16AA3F430095A442 /* Products */;
			projectDirPath = "";
			projectReferences = (
				{
					ProductGroup = 0A54561716AAA5440023C944 /* Products */;
					ProjectRef = 0A54561616AAA5440023C944 /* QuickDialog.xcodeproj */;
				},
				{
					ProductGroup = 0AC427FA16AB3D70009A4D07 /* Products */;
					ProjectRef = 0AC427F916AB3D70009A4D07 /* Venmo.xcodeproj */;
				},
			);
			projectRoot = "";
			targets = (
				27492C8B16AA3F430095A442 /* Spur */,
			);
		};
/* End PBXProject section */

/* Begin PBXReferenceProxy section */
		0A54562016AAA5440023C944 /* QuickDialogExample.app */ = {
			isa = PBXReferenceProxy;
			fileType = wrapper.application;
			path = QuickDialogExample.app;
			remoteRef = 0A54561F16AAA5440023C944 /* PBXContainerItemProxy */;
			sourceTree = BUILT_PRODUCTS_DIR;
		};
		0A54562216AAA5440023C944 /* libQuickDialog.a */ = {
			isa = PBXReferenceProxy;
			fileType = archive.ar;
			path = libQuickDialog.a;
			remoteRef = 0A54562116AAA5440023C944 /* PBXContainerItemProxy */;
			sourceTree = BUILT_PRODUCTS_DIR;
		};
		0AC4283516AB3D71009A4D07 /* libVenmo.a */ = {
			isa = PBXReferenceProxy;
			fileType = archive.ar;
			path = libVenmo.a;
			remoteRef = 0AC4283416AB3D71009A4D07 /* PBXContainerItemProxy */;
			sourceTree = BUILT_PRODUCTS_DIR;
		};
		0AC4283716AB3D71009A4D07 /* VenmoApp.app */ = {
			isa = PBXReferenceProxy;
			fileType = wrapper.application;
			path = VenmoApp.app;
			remoteRef = 0AC4283616AB3D71009A4D07 /* PBXContainerItemProxy */;
			sourceTree = BUILT_PRODUCTS_DIR;
		};
		0AC4283916AB3D71009A4D07 /* VenmoSpecs.octest */ = {
			isa = PBXReferenceProxy;
			fileType = wrapper.cfbundle;
			path = VenmoSpecs.octest;
			remoteRef = 0AC4283816AB3D71009A4D07 /* PBXContainerItemProxy */;
			sourceTree = BUILT_PRODUCTS_DIR;
		};
/* End PBXReferenceProxy section */

/* Begin PBXResourcesBuildPhase section */
		27492C8A16AA3F430095A442 /* Resources */ = {
			isa = PBXResourcesBuildPhase;
			buildActionMask = 2147483647;
			files = (
				27492C9B16AA3F430095A442 /* InfoPlist.strings in Resources */,
				27492CA316AA3F430095A442 /* Default.png in Resources */,
				27492CA516AA3F430095A442 /* Default@2x.png in Resources */,
				27492CA716AA3F430095A442 /* Default-568h@2x.png in Resources */,
				27492CAA16AA3F430095A442 /* MainStoryboard.storyboard in Resources */,
<<<<<<< HEAD
				27492D4A16AB2C2C0095A442 /* btn_back@2x.png in Resources */,
				27492D4B16AB2C2C0095A442 /* btn_camera@2x.png in Resources */,
				27492D4C16AB2C2C0095A442 /* btn_check@2x.png in Resources */,
				27492D4D16AB2C2C0095A442 /* btn_x@2x.png in Resources */,
				27492D4E16AB2C2C0095A442 /* Camera_hidefilters@2x.png in Resources */,
				27492D4F16AB2C2C0095A442 /* Camera_showfilters@2x.png in Resources */,
				27492D5016AB2C2C0095A442 /* Camera_thumb@2x.png in Resources */,
				27492D5116AB2C2C0095A442 /* Filters_Background@2x.png in Resources */,
=======
				0AC4281616AB3D70009A4D07 /* .gitignore in Resources */,
				0AC4281716AB3D70009A4D07 /* .gitmodules in Resources */,
				0AC4281816AB3D70009A4D07 /* README.md in Resources */,
				0AC4282716AB3D70009A4D07 /* VenmoApp-Info.plist in Resources */,
>>>>>>> 361ac4b5a9325845afb12198bccb6ff2caffe491
			);
			runOnlyForDeploymentPostprocessing = 0;
		};
/* End PBXResourcesBuildPhase section */

/* Begin PBXSourcesBuildPhase section */
		27492C8816AA3F430095A442 /* Sources */ = {
			isa = PBXSourcesBuildPhase;
			buildActionMask = 2147483647;
			files = (
				27492C9D16AA3F430095A442 /* main.m in Sources */,
				27492CA116AA3F430095A442 /* SpurAppDelegate.m in Sources */,
				27492CC116AA42EB0095A442 /* SpurMakeRequestViewController.m in Sources */,
				27492CCA16AA446C0095A442 /* SpurIncomingOffersTableViewController.m in Sources */,
				27492CCD16AA449B0095A442 /* SpurIncomingRequestsTableViewController.m in Sources */,
				27492CD016AA49140095A442 /* SpurExpandedIncomingRequestViewController.m in Sources */,
				27492CD916AA4B330095A442 /* SpurExpandedIncomingOfferViewController.m in Sources */,
				27492CDC16AA4BC40095A442 /* SpurExpandedPendingPaymentViewController.m in Sources */,
				27492CDF16AA4C3B0095A442 /* SpurMakePaymentViewController.m in Sources */,
				27492CEF16AA60A70095A442 /* SpurPendingPaymentsTableViewController.m in Sources */,
				27492CF416AA645E0095A442 /* SpurOutgoingOffersTableViewController.m in Sources */,
				27492CFF16AA668E0095A442 /* SpurOutgoingRequestsViewController.m in Sources */,
				27492D0C16AA6A970095A442 /* SpurExpandedOutgoingOfferViewController.m in Sources */,
				27492D1116AA6BC70095A442 /* SpurExpandedOutgoingRequestViewController.m in Sources */,
				0A54560D16AA7F620023C944 /* SpurService.m in Sources */,
				0AC4281916AB3D70009A4D07 /* NSBundle+Venmo.m in Sources */,
				0AC4281A16AB3D70009A4D07 /* NSDictionary+Venmo.m in Sources */,
				0AC4281B16AB3D70009A4D07 /* NSError+Venmo.m in Sources */,
				0AC4281C16AB3D70009A4D07 /* NSString+Venmo.m in Sources */,
				0AC4281D16AB3D70009A4D07 /* NSURL+Venmo.m in Sources */,
				0AC4281E16AB3D70009A4D07 /* VenmoActivityView.m in Sources */,
				0AC4281F16AB3D70009A4D07 /* VenmoBase64.m in Sources */,
				0AC4282016AB3D70009A4D07 /* VenmoHMAC_SHA256.m in Sources */,
				0AC4282116AB3D70009A4D07 /* VenmoClient.m in Sources */,
				0AC4282216AB3D70009A4D07 /* VenmoErrors.m in Sources */,
				0AC4282316AB3D70009A4D07 /* VenmoTransaction.m in Sources */,
				0AC4282416AB3D70009A4D07 /* VenmoViewController.m in Sources */,
				0AC4282516AB3D70009A4D07 /* AppDelegate.m in Sources */,
				0AC4282616AB3D70009A4D07 /* main.m in Sources */,
				0AC4282816AB3D70009A4D07 /* WelcomeViewController.m in Sources */,
				0AC4282916AB3D70009A4D07 /* NSDictionarySpecs.m in Sources */,
				0AC4282A16AB3D70009A4D07 /* NSStringSpecs.m in Sources */,
				0AC4282B16AB3D70009A4D07 /* NSInvocation+SpecMethodPrefix.m in Sources */,
				0AC4282C16AB3D70009A4D07 /* VenmoSpecsSpecs.m in Sources */,
				0AC4282D16AB3D70009A4D07 /* VenmoBase64Specs.m in Sources */,
				0AC4282E16AB3D70009A4D07 /* VenmoClientSpecs.m in Sources */,
				0AC4282F16AB3D70009A4D07 /* VenmoTransactionSpecs.m in Sources */,
				0AC4283016AB3D70009A4D07 /* VenmoViewControllerSpecs.m in Sources */,
			);
			runOnlyForDeploymentPostprocessing = 0;
		};
/* End PBXSourcesBuildPhase section */

/* Begin PBXTargetDependency section */
		0A54562616AAA5CD0023C944 /* PBXTargetDependency */ = {
			isa = PBXTargetDependency;
			name = QuickDialog;
			targetProxy = 0A54562516AAA5CD0023C944 /* PBXContainerItemProxy */;
		};
/* End PBXTargetDependency section */

/* Begin PBXVariantGroup section */
		27492C9916AA3F430095A442 /* InfoPlist.strings */ = {
			isa = PBXVariantGroup;
			children = (
				27492C9A16AA3F430095A442 /* en */,
			);
			name = InfoPlist.strings;
			sourceTree = "<group>";
		};
		27492CA816AA3F430095A442 /* MainStoryboard.storyboard */ = {
			isa = PBXVariantGroup;
			children = (
				27492CA916AA3F430095A442 /* en */,
			);
			name = MainStoryboard.storyboard;
			sourceTree = "<group>";
		};
/* End PBXVariantGroup section */

/* Begin XCBuildConfiguration section */
		27492CAE16AA3F430095A442 /* Debug */ = {
			isa = XCBuildConfiguration;
			buildSettings = {
				ALWAYS_SEARCH_USER_PATHS = NO;
				CLANG_CXX_LANGUAGE_STANDARD = "gnu++0x";
				CLANG_CXX_LIBRARY = "libc++";
				CLANG_ENABLE_OBJC_ARC = YES;
				CLANG_WARN_EMPTY_BODY = YES;
				CLANG_WARN__DUPLICATE_METHOD_MATCH = YES;
				"CODE_SIGN_IDENTITY[sdk=iphoneos*]" = "iPhone Developer";
				COPY_PHASE_STRIP = NO;
				GCC_C_LANGUAGE_STANDARD = gnu99;
				GCC_DYNAMIC_NO_PIC = NO;
				GCC_OPTIMIZATION_LEVEL = 0;
				GCC_PREPROCESSOR_DEFINITIONS = (
					"DEBUG=1",
					"$(inherited)",
				);
				GCC_SYMBOLS_PRIVATE_EXTERN = NO;
				GCC_WARN_ABOUT_RETURN_TYPE = YES;
				GCC_WARN_UNINITIALIZED_AUTOS = YES;
				GCC_WARN_UNUSED_VARIABLE = YES;
				IPHONEOS_DEPLOYMENT_TARGET = 6.0;
				ONLY_ACTIVE_ARCH = YES;
				SDKROOT = iphoneos;
			};
			name = Debug;
		};
		27492CAF16AA3F430095A442 /* Release */ = {
			isa = XCBuildConfiguration;
			buildSettings = {
				ALWAYS_SEARCH_USER_PATHS = NO;
				CLANG_CXX_LANGUAGE_STANDARD = "gnu++0x";
				CLANG_CXX_LIBRARY = "libc++";
				CLANG_ENABLE_OBJC_ARC = YES;
				CLANG_WARN_EMPTY_BODY = YES;
				CLANG_WARN__DUPLICATE_METHOD_MATCH = YES;
				"CODE_SIGN_IDENTITY[sdk=iphoneos*]" = "iPhone Developer";
				COPY_PHASE_STRIP = YES;
				GCC_C_LANGUAGE_STANDARD = gnu99;
				GCC_WARN_ABOUT_RETURN_TYPE = YES;
				GCC_WARN_UNINITIALIZED_AUTOS = YES;
				GCC_WARN_UNUSED_VARIABLE = YES;
				IPHONEOS_DEPLOYMENT_TARGET = 6.0;
				OTHER_CFLAGS = "-DNS_BLOCK_ASSERTIONS=1";
				SDKROOT = iphoneos;
				VALIDATE_PRODUCT = YES;
			};
			name = Release;
		};
		27492CB116AA3F430095A442 /* Debug */ = {
			isa = XCBuildConfiguration;
			buildSettings = {
				ALWAYS_SEARCH_USER_PATHS = YES;
				CODE_SIGN_IDENTITY = "iPhone Developer";
				FRAMEWORK_SEARCH_PATHS = (
					"$(inherited)",
					"\"$(SRCROOT)/MobileServicesSDK\"",
				);
				GCC_PRECOMPILE_PREFIX_HEADER = YES;
				GCC_PREFIX_HEADER = "Spur/Spur-Prefix.pch";
				INFOPLIST_FILE = "Spur/Spur-Info.plist";
				OTHER_LDFLAGS = (
					"-ObjC",
					"-ObjC",
					"-force_load",
					"${BUILT_PRODUCTS_DIR}/libVenmo.a",
				);
				PRODUCT_NAME = "$(TARGET_NAME)";
<<<<<<< HEAD
				PROVISIONING_PROFILE = "";
				USER_HEADER_SEARCH_PATHS = "\"${PROJECT_DIR}/QuickDialog\"/**";
=======
				PROVISIONING_PROFILE = "73BF86A2-79F9-4489-9E91-50BDE845EC44";
				USER_HEADER_SEARCH_PATHS = "\"${PROJECT_DIR}/QuickDialog\"/** Libraries/Venmo";
>>>>>>> 361ac4b5a9325845afb12198bccb6ff2caffe491
				WRAPPER_EXTENSION = app;
			};
			name = Debug;
		};
		27492CB216AA3F430095A442 /* Release */ = {
			isa = XCBuildConfiguration;
			buildSettings = {
				ALWAYS_SEARCH_USER_PATHS = YES;
				CODE_SIGN_IDENTITY = "iPhone Developer";
				FRAMEWORK_SEARCH_PATHS = (
					"$(inherited)",
					"\"$(SRCROOT)/MobileServicesSDK\"",
				);
				GCC_PRECOMPILE_PREFIX_HEADER = YES;
				GCC_PREFIX_HEADER = "Spur/Spur-Prefix.pch";
				INFOPLIST_FILE = "Spur/Spur-Info.plist";
				OTHER_LDFLAGS = (
					"-ObjC",
					"-ObjC",
					"-force_load",
					"${BUILT_PRODUCTS_DIR}/libVenmo.a",
				);
				PRODUCT_NAME = "$(TARGET_NAME)";
<<<<<<< HEAD
				PROVISIONING_PROFILE = "";
				USER_HEADER_SEARCH_PATHS = "\"${PROJECT_DIR}/QuickDialog\"/**";
=======
				PROVISIONING_PROFILE = "0B759705-0530-4045-85C9-C49DF5E088C2";
				USER_HEADER_SEARCH_PATHS = "\"${PROJECT_DIR}/QuickDialog\"/** Libraries/Venmo";
>>>>>>> 361ac4b5a9325845afb12198bccb6ff2caffe491
				WRAPPER_EXTENSION = app;
			};
			name = Release;
		};
/* End XCBuildConfiguration section */

/* Begin XCConfigurationList section */
		27492C8616AA3F430095A442 /* Build configuration list for PBXProject "Spur" */ = {
			isa = XCConfigurationList;
			buildConfigurations = (
				27492CAE16AA3F430095A442 /* Debug */,
				27492CAF16AA3F430095A442 /* Release */,
			);
			defaultConfigurationIsVisible = 0;
			defaultConfigurationName = Release;
		};
		27492CB016AA3F430095A442 /* Build configuration list for PBXNativeTarget "Spur" */ = {
			isa = XCConfigurationList;
			buildConfigurations = (
				27492CB116AA3F430095A442 /* Debug */,
				27492CB216AA3F430095A442 /* Release */,
			);
			defaultConfigurationIsVisible = 0;
			defaultConfigurationName = Release;
		};
/* End XCConfigurationList section */
	};
	rootObject = 27492C8316AA3F430095A442 /* Project object */;
}
